
Microsoft Visual Studio Solution File, Format Version 10.00
# Visual Studio 2008
Project("{FAE04EC0-301F-11D3-BF4B-00C04F79EFBC}") = "Sem.Sync.OutlookConnector", "Sem.Sync.OutlookConnector\Sem.Sync.OutlookConnector.csproj", "{809277C4-F27E-47B6-AC9F-E5EE54AE1399}"
EndProject
Project("{FAE04EC0-301F-11D3-BF4B-00C04F79EFBC}") = "Sem.Sync.SyncBase", "Sem.Sync.SyncBase\Sem.Sync.SyncBase.csproj", "{4725C93E-55A0-42A5-9C61-61DC498A4308}"
EndProject
Project("{FAE04EC0-301F-11D3-BF4B-00C04F79EFBC}") = "Sem.Sync.LocalSyncManager", "Sem.Sync.LocalSyncManager\Sem.Sync.LocalSyncManager.csproj", "{F4E8E368-F3DE-4B63-AF9E-96B29FF0E5C3}"
	ProjectSection(ProjectDependencies) = postProject
		{ABF6A30F-5063-460C-9277-AF0F59C89290} = {ABF6A30F-5063-460C-9277-AF0F59C89290}
	EndProjectSection
EndProject
Project("{2150E333-8FDC-42A3-9474-1A3956D46DE8}") = "SyncBase", "SyncBase", "{6F297CC9-DA64-4469-9105-9CA63DEFB2DB}"
EndProject
Project("{2150E333-8FDC-42A3-9474-1A3956D46DE8}") = "Connectors", "Connectors", "{36822C45-2766-42EF-A4A7-543D24FAAD37}"
EndProject
Project("{2150E333-8FDC-42A3-9474-1A3956D46DE8}") = "Documentation", "Documentation", "{1820AB38-479F-49F7-9CF6-1920BFA94C41}"
	ProjectSection(SolutionItems) = preProject
		Sem_Sync_Documentation.chm = Sem_Sync_Documentation.chm
		SemSync-Mapping.xlsx = SemSync-Mapping.xlsx
		SemSync.docx = SemSync.docx
	EndProjectSection
EndProject
Project("{FAE04EC0-301F-11D3-BF4B-00C04F79EFBC}") = "Sem.Sync.FilesystemConnector", "Sem.Sync.FilesystemConnector\Sem.Sync.FilesystemConnector.csproj", "{F0A26B2B-02CA-4095-AD20-013D0110ABB3}"
EndProject
Project("{FAE04EC0-301F-11D3-BF4B-00C04F79EFBC}") = "Sem.Sync.XingConnector", "Sem.Sync.XingConnector\Sem.Sync.XingConnector.csproj", "{2B1EC971-9055-4156-9FFF-0F2B3C7697F4}"
EndProject
Project("{FAE04EC0-301F-11D3-BF4B-00C04F79EFBC}") = "Sem.Sync.OnlineStorage", "Sem.Sync.OnlineStorage\Sem.Sync.OnlineStorage.csproj", "{D5963ECC-B62A-49AA-8627-87F95867D8A8}"
EndProject
Project("{FAE04EC0-301F-11D3-BF4B-00C04F79EFBC}") = "Sem.Sync.OnlineStorageConnector", "Sem.Sync.OnlineStorageConnector\Sem.Sync.OnlineStorageConnector.csproj", "{DA88047A-8BA7-492B-BB71-EB87472817A5}"
	ProjectSection(ProjectDependencies) = postProject
		{D5963ECC-B62A-49AA-8627-87F95867D8A8} = {D5963ECC-B62A-49AA-8627-87F95867D8A8}
	EndProjectSection
EndProject
Project("{FAE04EC0-301F-11D3-BF4B-00C04F79EFBC}") = "Sem.Sync.OutlookConnector2003", "Sem.Sync.OutlookConnector2003\Sem.Sync.OutlookConnector2003.csproj", "{15DD2E27-2606-4211-BDCA-863BB9E26142}"
EndProject
Project("{FAE04EC0-301F-11D3-BF4B-00C04F79EFBC}") = "Sem.Sync.OutlookWithXing", "SemSyncOutlookWithXing\Sem.Sync.OutlookWithXing.csproj", "{AB6D712C-8E4B-46F9-8AC8-BF65F3DA1B79}"
EndProject
Project("{FAE04EC0-301F-11D3-BF4B-00C04F79EFBC}") = "ContactViewer", "ContactViewer\ContactViewer.csproj", "{AF01B376-4A94-4A1E-A469-E4DCC30811F9}"
EndProject
Project("{FAE04EC0-301F-11D3-BF4B-00C04F79EFBC}") = "Sem.Sync.SharedUI.WinForms", "Sem.Sync.SharedUI.WinForms\Sem.Sync.SharedUI.WinForms.csproj", "{CB0D9362-8813-4A6E-825F-9BF48DC527AB}"
EndProject
Project("{2150E333-8FDC-42A3-9474-1A3956D46DE8}") = "WinForms", "WinForms", "{6B789A6A-7566-4229-87C8-66C01D988C31}"
EndProject
Project("{2150E333-8FDC-42A3-9474-1A3956D46DE8}") = "Web", "Web", "{467B0823-AB21-4F23-B85C-00C31D5BC2C1}"
EndProject
Project("{FAE04EC0-301F-11D3-BF4B-00C04F79EFBC}") = "Sem.Sync.FacebookConnector", "Sem.Sync.Facebook\Sem.Sync.FacebookConnector.csproj", "{C1B81350-1893-49FF-9582-470C46C2729A}"
EndProject
Project("{2150E333-8FDC-42A3-9474-1A3956D46DE8}") = "ClientApis", "ClientApis", "{024EBF54-994C-4E06-87F6-17D444178E99}"
EndProject
Project("{2150E333-8FDC-42A3-9474-1A3956D46DE8}") = "Facebook", "Facebook", "{23E33D41-535B-4FCA-AC56-EDEF6DFB14F1}"
EndProject
Project("{FAE04EC0-301F-11D3-BF4B-00C04F79EFBC}") = "Facebook", "ClientApis\Facebook\Facebook\Facebook.csproj", "{2CA46CD1-7165-4ED6-8918-C8E8D71A1EFA}"
EndProject
Project("{FAE04EC0-301F-11D3-BF4B-00C04F79EFBC}") = "Facebook.Controls", "ClientApis\Facebook\Facebook.Controls\Facebook.Controls.csproj", "{8F4B9954-1BA5-4664-BBCE-B79519FEE120}"
EndProject
Project("{FAE04EC0-301F-11D3-BF4B-00C04F79EFBC}") = "Sem.Sync.ActiveDirectoryConnector", "Sem.Sync.ActiveDirectoryConnector\Sem.Sync.ActiveDirectoryConnector.csproj", "{ABF6A30F-5063-460C-9277-AF0F59C89290}"
EndProject
Project("{2150E333-8FDC-42A3-9474-1A3956D46DE8}") = "Tests", "Tests", "{A462F00C-C5D1-4784-B712-81FDA7D566D4}"
EndProject
Project("{FAE04EC0-301F-11D3-BF4B-00C04F79EFBC}") = "Sem.Sync.Test", "Sem.Sync.Test\Sem.Sync.Test.csproj", "{478077C0-A411-44A9-8053-E8E90BA2847B}"
EndProject
Project("{2150E333-8FDC-42A3-9474-1A3956D46DE8}") = "Solution Items", "Solution Items", "{38747F9F-5CE3-4A29-A5D2-40638560264E}"
	ProjectSection(SolutionItems) = preProject
		LocalTestRun.testrunconfig = LocalTestRun.testrunconfig
		SemSync2.vsmdi = SemSync2.vsmdi
	EndProjectSection
EndProject
Project("{FAE04EC0-301F-11D3-BF4B-00C04F79EFBC}") = "Sem.Sync.Documentation", "Sem.Sync.Documentation\Sem.Sync.Documentation.csproj", "{C59830A8-5F30-4AC1-A862-473D9911B08A}"
EndProject
Project("{2150E333-8FDC-42A3-9474-1A3956D46DE8}") = "Setup", "Setup", "{F3AF3F0D-D657-4074-85F6-0AF8669D3B66}"
EndProject
Project("{930C7802-8A8C-48F9-8165-68863BCCD9DD}") = "Sem.Sync.OutlookWithXing.Setup", "Sem.Sync.OutlookWithXing.Setup\Sem.Sync.OutlookWithXing.Setup.wixproj", "{7F11C83F-B81F-49F0-ADE7-FF2CE5689C51}"
EndProject
Project("{FAE04EC0-301F-11D3-BF4B-00C04F79EFBC}") = "Sem.Sync.StatisticConnector", "Sem.Sync.StatisticConnector\Sem.Sync.StatisticConnector.csproj", "{1068FBA6-60F2-4A39-9941-CCD6447313E8}"
EndProject
Project("{FAE04EC0-301F-11D3-BF4B-00C04F79EFBC}") = "Sem.Sync.ConsoleClient", "Sem.Sync.ConsoleClient\Sem.Sync.ConsoleClient.csproj", "{9165EBDB-D528-4D2A-BD36-A0D986E609FA}"
EndProject
Project("{FAE04EC0-301F-11D3-BF4B-00C04F79EFBC}") = "Sem.GenericHelpers", "Sem.GenericHelpers\Sem.GenericHelpers.csproj", "{930EBD41-0114-4B39-A89A-EBCD7C81931F}"
EndProject
Project("{FAE04EC0-301F-11D3-BF4B-00C04F79EFBC}") = "Sem.Sync.WerKenntWenConnector", "Sem.Sync.WerKenntWenConnector\Sem.Sync.WerKenntWenConnector.csproj", "{2A78B30C-36FA-4B2D-B6AD-DA2EC52164A0}"
EndProject
Global
	GlobalSection(TeamFoundationVersionControl) = preSolution
		SccNumberOfProjects = 23
		SccEnterpriseProvider = {4CA58AB2-18FA-4F8D-95D4-32DDF27D184C}
		SccTeamFoundationServer = https://tfs01.codeplex.com/
		SccLocalPath0 = .
		SccProjectUniqueName1 = ClientApis\\Facebook\\Facebook.Controls\\Facebook.Controls.csproj
		SccProjectTopLevelParentUniqueName1 = SemSync.sln
		SccProjectName1 = ClientApis/Facebook/Facebook.Controls
		SccLocalPath1 = ClientApis\\Facebook\\Facebook.Controls
		SccProjectUniqueName2 = ClientApis\\Facebook\\Facebook\\Facebook.csproj
		SccProjectTopLevelParentUniqueName2 = SemSync.sln
		SccProjectName2 = ClientApis/Facebook/Facebook
		SccLocalPath2 = ClientApis\\Facebook\\Facebook
		SccProjectUniqueName3 = ContactViewer\\ContactViewer.csproj
		SccProjectTopLevelParentUniqueName3 = SemSync.sln
		SccProjectName3 = ContactViewer
		SccLocalPath3 = ContactViewer
		SccProjectUniqueName4 = Sem.Sync.Facebook\\Sem.Sync.FacebookConnector.csproj
		SccProjectTopLevelParentUniqueName4 = SemSync.sln
		SccProjectName4 = Sem.Sync.Facebook
		SccLocalPath4 = Sem.Sync.Facebook
		SccProjectUniqueName5 = Sem.Sync.FilesystemConnector\\Sem.Sync.FilesystemConnector.csproj
		SccProjectTopLevelParentUniqueName5 = SemSync.sln
		SccProjectName5 = Sem.Sync.FilesystemConnector
		SccLocalPath5 = Sem.Sync.FilesystemConnector
		SccProjectUniqueName6 = Sem.Sync.LocalSyncManager\\Sem.Sync.LocalSyncManager.csproj
		SccProjectTopLevelParentUniqueName6 = SemSync.sln
		SccProjectName6 = Sem.Sync.LocalSyncManager
		SccLocalPath6 = Sem.Sync.LocalSyncManager
		SccProjectUniqueName7 = Sem.Sync.OnlineStorage\\Sem.Sync.OnlineStorage.csproj
		SccProjectTopLevelParentUniqueName7 = SemSync.sln
		SccProjectName7 = Sem.Sync.OnlineStorage
		SccLocalPath7 = Sem.Sync.OnlineStorage
		SccProjectUniqueName8 = Sem.Sync.OnlineStorageConnector\\Sem.Sync.OnlineStorageConnector.csproj
		SccProjectTopLevelParentUniqueName8 = SemSync.sln
		SccProjectName8 = Sem.Sync.OnlineStorageConnector
		SccLocalPath8 = Sem.Sync.OnlineStorageConnector
		SccProjectUniqueName9 = Sem.Sync.OutlookConnector2003\\Sem.Sync.OutlookConnector2003.csproj
		SccProjectTopLevelParentUniqueName9 = SemSync.sln
		SccProjectName9 = Sem.Sync.OutlookConnector2003
		SccLocalPath9 = Sem.Sync.OutlookConnector2003
		SccProjectUniqueName10 = Sem.Sync.OutlookConnector\\Sem.Sync.OutlookConnector.csproj
		SccProjectTopLevelParentUniqueName10 = SemSync.sln
		SccProjectName10 = Sem.Sync.OutlookConnector
		SccLocalPath10 = Sem.Sync.OutlookConnector
		SccProjectUniqueName11 = Sem.Sync.SharedUI.WinForms\\Sem.Sync.SharedUI.WinForms.csproj
		SccProjectTopLevelParentUniqueName11 = SemSync.sln
		SccProjectName11 = Sem.Sync.SharedUI.WinForms
		SccLocalPath11 = Sem.Sync.SharedUI.WinForms
		SccProjectUniqueName12 = Sem.Sync.SyncBase\\Sem.Sync.SyncBase.csproj
		SccProjectTopLevelParentUniqueName12 = SemSync.sln
		SccProjectName12 = Sem.Sync.SyncBase
		SccLocalPath12 = Sem.Sync.SyncBase
		SccProjectUniqueName13 = Sem.Sync.XingConnector\\Sem.Sync.XingConnector.csproj
		SccProjectTopLevelParentUniqueName13 = SemSync.sln
		SccProjectName13 = Sem.Sync.XingConnector
		SccLocalPath13 = Sem.Sync.XingConnector
		SccProjectUniqueName14 = Sem.Sync.ActiveDirectoryConnector\\Sem.Sync.ActiveDirectoryConnector.csproj
		SccProjectTopLevelParentUniqueName14 = SemSync.sln
		SccProjectName14 = Sem.Sync.ActiveDirectoryConnector
		SccLocalPath14 = Sem.Sync.ActiveDirectoryConnector
		SccProjectUniqueName15 = Sem.Sync.Test\\Sem.Sync.Test.csproj
		SccProjectTopLevelParentUniqueName15 = SemSync.sln
		SccProjectName15 = Sem.Sync.Test
		SccLocalPath15 = Sem.Sync.Test
		SccProjectUniqueName16 = Sem.Sync.Documentation\\Sem.Sync.Documentation.csproj
		SccProjectTopLevelParentUniqueName16 = SemSync.sln
		SccProjectName16 = Sem.Sync.Documentation
		SccLocalPath16 = Sem.Sync.Documentation
		SccProjectUniqueName17 = Sem.Sync.OutlookWithXing.Setup\\Sem.Sync.OutlookWithXing.Setup.wixproj
		SccProjectTopLevelParentUniqueName17 = SemSync.sln
		SccProjectName17 = Sem.Sync.OutlookWithXing.Setup
		SccLocalPath17 = Sem.Sync.OutlookWithXing.Setup
		SccProjectUniqueName18 = SemSyncOutlookWithXing\\Sem.Sync.OutlookWithXing.csproj
		SccProjectTopLevelParentUniqueName18 = SemSync.sln
		SccProjectName18 = SemSyncOutlookWithXing
		SccLocalPath18 = SemSyncOutlookWithXing
		SccProjectUniqueName19 = Sem.Sync.StatisticConnector\\Sem.Sync.StatisticConnector.csproj
		SccProjectTopLevelParentUniqueName19 = SemSync.sln
		SccProjectName19 = Sem.Sync.StatisticConnector
		SccLocalPath19 = Sem.Sync.StatisticConnector
		SccProjectUniqueName20 = Sem.Sync.ConsoleClient\\Sem.Sync.ConsoleClient.csproj
		SccProjectTopLevelParentUniqueName20 = SemSync.sln
		SccProjectName20 = Sem.Sync.ConsoleClient
		SccLocalPath20 = Sem.Sync.ConsoleClient
		SccProjectUniqueName21 = Sem.GenericHelpers\\Sem.GenericHelpers.csproj
		SccProjectTopLevelParentUniqueName21 = SemSync.sln
		SccProjectName21 = Sem.GenericHelpers
		SccLocalPath21 = Sem.GenericHelpers
		SccProjectUniqueName22 = Sem.Sync.WerKenntWenConnector\\Sem.Sync.WerKenntWenConnector.csproj
		SccProjectTopLevelParentUniqueName22 = SemSync.sln
		SccProjectName22 = Sem.Sync.WerKenntWenConnector
		SccLocalPath22 = Sem.Sync.WerKenntWenConnector
	EndGlobalSection
	GlobalSection(TestCaseManagementSettings) = postSolution
		CategoryFile = SemSync2.vsmdi
	EndGlobalSection
	GlobalSection(SolutionConfigurationPlatforms) = preSolution
		Debug|Any CPU = Debug|Any CPU
		Debug|Mixed Platforms = Debug|Mixed Platforms
		Debug|x86 = Debug|x86
		Release|Any CPU = Release|Any CPU
		Release|Mixed Platforms = Release|Mixed Platforms
		Release|x86 = Release|x86
	EndGlobalSection
	GlobalSection(ProjectConfigurationPlatforms) = postSolution
		{809277C4-F27E-47B6-AC9F-E5EE54AE1399}.Debug|Any CPU.ActiveCfg = Debug|Any CPU
		{809277C4-F27E-47B6-AC9F-E5EE54AE1399}.Debug|Any CPU.Build.0 = Debug|Any CPU
		{809277C4-F27E-47B6-AC9F-E5EE54AE1399}.Debug|Mixed Platforms.ActiveCfg = Debug|Any CPU
		{809277C4-F27E-47B6-AC9F-E5EE54AE1399}.Debug|Mixed Platforms.Build.0 = Debug|Any CPU
		{809277C4-F27E-47B6-AC9F-E5EE54AE1399}.Debug|x86.ActiveCfg = Debug|Any CPU
		{809277C4-F27E-47B6-AC9F-E5EE54AE1399}.Release|Any CPU.ActiveCfg = Release|Any CPU
		{809277C4-F27E-47B6-AC9F-E5EE54AE1399}.Release|Any CPU.Build.0 = Release|Any CPU
		{809277C4-F27E-47B6-AC9F-E5EE54AE1399}.Release|Mixed Platforms.ActiveCfg = Release|Any CPU
		{809277C4-F27E-47B6-AC9F-E5EE54AE1399}.Release|Mixed Platforms.Build.0 = Release|Any CPU
		{809277C4-F27E-47B6-AC9F-E5EE54AE1399}.Release|x86.ActiveCfg = Release|Any CPU
		{4725C93E-55A0-42A5-9C61-61DC498A4308}.Debug|Any CPU.ActiveCfg = Debug|Any CPU
		{4725C93E-55A0-42A5-9C61-61DC498A4308}.Debug|Any CPU.Build.0 = Debug|Any CPU
		{4725C93E-55A0-42A5-9C61-61DC498A4308}.Debug|Mixed Platforms.ActiveCfg = Debug|Any CPU
		{4725C93E-55A0-42A5-9C61-61DC498A4308}.Debug|Mixed Platforms.Build.0 = Debug|Any CPU
		{4725C93E-55A0-42A5-9C61-61DC498A4308}.Debug|x86.ActiveCfg = Debug|Any CPU
		{4725C93E-55A0-42A5-9C61-61DC498A4308}.Release|Any CPU.ActiveCfg = Release|Any CPU
		{4725C93E-55A0-42A5-9C61-61DC498A4308}.Release|Any CPU.Build.0 = Release|Any CPU
		{4725C93E-55A0-42A5-9C61-61DC498A4308}.Release|Mixed Platforms.ActiveCfg = Release|Any CPU
		{4725C93E-55A0-42A5-9C61-61DC498A4308}.Release|Mixed Platforms.Build.0 = Release|Any CPU
		{4725C93E-55A0-42A5-9C61-61DC498A4308}.Release|x86.ActiveCfg = Release|Any CPU
		{F4E8E368-F3DE-4B63-AF9E-96B29FF0E5C3}.Debug|Any CPU.ActiveCfg = Debug|Any CPU
		{F4E8E368-F3DE-4B63-AF9E-96B29FF0E5C3}.Debug|Any CPU.Build.0 = Debug|Any CPU
		{F4E8E368-F3DE-4B63-AF9E-96B29FF0E5C3}.Debug|Mixed Platforms.ActiveCfg = Debug|Any CPU
		{F4E8E368-F3DE-4B63-AF9E-96B29FF0E5C3}.Debug|Mixed Platforms.Build.0 = Debug|Any CPU
		{F4E8E368-F3DE-4B63-AF9E-96B29FF0E5C3}.Debug|x86.ActiveCfg = Debug|Any CPU
		{F4E8E368-F3DE-4B63-AF9E-96B29FF0E5C3}.Release|Any CPU.ActiveCfg = Release|Any CPU
		{F4E8E368-F3DE-4B63-AF9E-96B29FF0E5C3}.Release|Any CPU.Build.0 = Release|Any CPU
		{F4E8E368-F3DE-4B63-AF9E-96B29FF0E5C3}.Release|Mixed Platforms.ActiveCfg = Release|Any CPU
		{F4E8E368-F3DE-4B63-AF9E-96B29FF0E5C3}.Release|Mixed Platforms.Build.0 = Release|Any CPU
		{F4E8E368-F3DE-4B63-AF9E-96B29FF0E5C3}.Release|x86.ActiveCfg = Release|Any CPU
		{F0A26B2B-02CA-4095-AD20-013D0110ABB3}.Debug|Any CPU.ActiveCfg = Debug|Any CPU
		{F0A26B2B-02CA-4095-AD20-013D0110ABB3}.Debug|Any CPU.Build.0 = Debug|Any CPU
		{F0A26B2B-02CA-4095-AD20-013D0110ABB3}.Debug|Mixed Platforms.ActiveCfg = Debug|Any CPU
		{F0A26B2B-02CA-4095-AD20-013D0110ABB3}.Debug|Mixed Platforms.Build.0 = Debug|Any CPU
		{F0A26B2B-02CA-4095-AD20-013D0110ABB3}.Debug|x86.ActiveCfg = Debug|Any CPU
		{F0A26B2B-02CA-4095-AD20-013D0110ABB3}.Release|Any CPU.ActiveCfg = Release|Any CPU
		{F0A26B2B-02CA-4095-AD20-013D0110ABB3}.Release|Any CPU.Build.0 = Release|Any CPU
		{F0A26B2B-02CA-4095-AD20-013D0110ABB3}.Release|Mixed Platforms.ActiveCfg = Release|Any CPU
		{F0A26B2B-02CA-4095-AD20-013D0110ABB3}.Release|Mixed Platforms.Build.0 = Release|Any CPU
		{F0A26B2B-02CA-4095-AD20-013D0110ABB3}.Release|x86.ActiveCfg = Release|Any CPU
		{2B1EC971-9055-4156-9FFF-0F2B3C7697F4}.Debug|Any CPU.ActiveCfg = Debug|Any CPU
		{2B1EC971-9055-4156-9FFF-0F2B3C7697F4}.Debug|Any CPU.Build.0 = Debug|Any CPU
		{2B1EC971-9055-4156-9FFF-0F2B3C7697F4}.Debug|Mixed Platforms.ActiveCfg = Debug|Any CPU
		{2B1EC971-9055-4156-9FFF-0F2B3C7697F4}.Debug|Mixed Platforms.Build.0 = Debug|Any CPU
		{2B1EC971-9055-4156-9FFF-0F2B3C7697F4}.Debug|x86.ActiveCfg = Debug|Any CPU
		{2B1EC971-9055-4156-9FFF-0F2B3C7697F4}.Release|Any CPU.ActiveCfg = Release|Any CPU
		{2B1EC971-9055-4156-9FFF-0F2B3C7697F4}.Release|Any CPU.Build.0 = Release|Any CPU
		{2B1EC971-9055-4156-9FFF-0F2B3C7697F4}.Release|Mixed Platforms.ActiveCfg = Release|Any CPU
		{2B1EC971-9055-4156-9FFF-0F2B3C7697F4}.Release|Mixed Platforms.Build.0 = Release|Any CPU
		{2B1EC971-9055-4156-9FFF-0F2B3C7697F4}.Release|x86.ActiveCfg = Release|Any CPU
		{D5963ECC-B62A-49AA-8627-87F95867D8A8}.Debug|Any CPU.ActiveCfg = Debug|Any CPU
		{D5963ECC-B62A-49AA-8627-87F95867D8A8}.Debug|Any CPU.Build.0 = Debug|Any CPU
		{D5963ECC-B62A-49AA-8627-87F95867D8A8}.Debug|Mixed Platforms.ActiveCfg = Debug|Any CPU
		{D5963ECC-B62A-49AA-8627-87F95867D8A8}.Debug|x86.ActiveCfg = Debug|Any CPU
		{D5963ECC-B62A-49AA-8627-87F95867D8A8}.Release|Any CPU.ActiveCfg = Release|Any CPU
		{D5963ECC-B62A-49AA-8627-87F95867D8A8}.Release|Any CPU.Build.0 = Release|Any CPU
		{D5963ECC-B62A-49AA-8627-87F95867D8A8}.Release|Mixed Platforms.ActiveCfg = Release|Any CPU
		{D5963ECC-B62A-49AA-8627-87F95867D8A8}.Release|Mixed Platforms.Build.0 = Release|Any CPU
		{D5963ECC-B62A-49AA-8627-87F95867D8A8}.Release|x86.ActiveCfg = Release|Any CPU
		{DA88047A-8BA7-492B-BB71-EB87472817A5}.Debug|Any CPU.ActiveCfg = Debug|Any CPU
		{DA88047A-8BA7-492B-BB71-EB87472817A5}.Debug|Any CPU.Build.0 = Debug|Any CPU
		{DA88047A-8BA7-492B-BB71-EB87472817A5}.Debug|Mixed Platforms.ActiveCfg = Debug|Any CPU
		{DA88047A-8BA7-492B-BB71-EB87472817A5}.Debug|x86.ActiveCfg = Debug|Any CPU
		{DA88047A-8BA7-492B-BB71-EB87472817A5}.Release|Any CPU.ActiveCfg = Release|Any CPU
		{DA88047A-8BA7-492B-BB71-EB87472817A5}.Release|Any CPU.Build.0 = Release|Any CPU
		{DA88047A-8BA7-492B-BB71-EB87472817A5}.Release|Mixed Platforms.ActiveCfg = Release|Any CPU
		{DA88047A-8BA7-492B-BB71-EB87472817A5}.Release|Mixed Platforms.Build.0 = Release|Any CPU
		{DA88047A-8BA7-492B-BB71-EB87472817A5}.Release|x86.ActiveCfg = Release|Any CPU
		{15DD2E27-2606-4211-BDCA-863BB9E26142}.Debug|Any CPU.ActiveCfg = Debug|Any CPU
		{15DD2E27-2606-4211-BDCA-863BB9E26142}.Debug|Any CPU.Build.0 = Debug|Any CPU
		{15DD2E27-2606-4211-BDCA-863BB9E26142}.Debug|Mixed Platforms.ActiveCfg = Debug|Any CPU
		{15DD2E27-2606-4211-BDCA-863BB9E26142}.Debug|Mixed Platforms.Build.0 = Debug|Any CPU
		{15DD2E27-2606-4211-BDCA-863BB9E26142}.Debug|x86.ActiveCfg = Debug|Any CPU
		{15DD2E27-2606-4211-BDCA-863BB9E26142}.Release|Any CPU.ActiveCfg = Release|Any CPU
		{15DD2E27-2606-4211-BDCA-863BB9E26142}.Release|Any CPU.Build.0 = Release|Any CPU
		{15DD2E27-2606-4211-BDCA-863BB9E26142}.Release|Mixed Platforms.ActiveCfg = Release|Any CPU
		{15DD2E27-2606-4211-BDCA-863BB9E26142}.Release|Mixed Platforms.Build.0 = Release|Any CPU
		{15DD2E27-2606-4211-BDCA-863BB9E26142}.Release|x86.ActiveCfg = Release|Any CPU
		{AB6D712C-8E4B-46F9-8AC8-BF65F3DA1B79}.Debug|Any CPU.ActiveCfg = Debug|Any CPU
		{AB6D712C-8E4B-46F9-8AC8-BF65F3DA1B79}.Debug|Any CPU.Build.0 = Debug|Any CPU
		{AB6D712C-8E4B-46F9-8AC8-BF65F3DA1B79}.Debug|Mixed Platforms.ActiveCfg = Debug|Any CPU
		{AB6D712C-8E4B-46F9-8AC8-BF65F3DA1B79}.Debug|Mixed Platforms.Build.0 = Debug|Any CPU
		{AB6D712C-8E4B-46F9-8AC8-BF65F3DA1B79}.Debug|x86.ActiveCfg = Debug|Any CPU
		{AB6D712C-8E4B-46F9-8AC8-BF65F3DA1B79}.Release|Any CPU.ActiveCfg = Release|Any CPU
		{AB6D712C-8E4B-46F9-8AC8-BF65F3DA1B79}.Release|Any CPU.Build.0 = Release|Any CPU
		{AB6D712C-8E4B-46F9-8AC8-BF65F3DA1B79}.Release|Mixed Platforms.ActiveCfg = Release|Any CPU
		{AB6D712C-8E4B-46F9-8AC8-BF65F3DA1B79}.Release|Mixed Platforms.Build.0 = Release|Any CPU
		{AB6D712C-8E4B-46F9-8AC8-BF65F3DA1B79}.Release|x86.ActiveCfg = Release|Any CPU
		{AF01B376-4A94-4A1E-A469-E4DCC30811F9}.Debug|Any CPU.ActiveCfg = Debug|Any CPU
		{AF01B376-4A94-4A1E-A469-E4DCC30811F9}.Debug|Any CPU.Build.0 = Debug|Any CPU
		{AF01B376-4A94-4A1E-A469-E4DCC30811F9}.Debug|Mixed Platforms.ActiveCfg = Debug|Any CPU
		{AF01B376-4A94-4A1E-A469-E4DCC30811F9}.Debug|x86.ActiveCfg = Debug|Any CPU
		{AF01B376-4A94-4A1E-A469-E4DCC30811F9}.Release|Any CPU.ActiveCfg = Release|Any CPU
		{AF01B376-4A94-4A1E-A469-E4DCC30811F9}.Release|Any CPU.Build.0 = Release|Any CPU
		{AF01B376-4A94-4A1E-A469-E4DCC30811F9}.Release|Mixed Platforms.ActiveCfg = Release|Any CPU
		{AF01B376-4A94-4A1E-A469-E4DCC30811F9}.Release|Mixed Platforms.Build.0 = Release|Any CPU
		{AF01B376-4A94-4A1E-A469-E4DCC30811F9}.Release|x86.ActiveCfg = Release|Any CPU
		{CB0D9362-8813-4A6E-825F-9BF48DC527AB}.Debug|Any CPU.ActiveCfg = Debug|Any CPU
		{CB0D9362-8813-4A6E-825F-9BF48DC527AB}.Debug|Any CPU.Build.0 = Debug|Any CPU
		{CB0D9362-8813-4A6E-825F-9BF48DC527AB}.Debug|Mixed Platforms.ActiveCfg = Debug|Any CPU
		{CB0D9362-8813-4A6E-825F-9BF48DC527AB}.Debug|Mixed Platforms.Build.0 = Debug|Any CPU
		{CB0D9362-8813-4A6E-825F-9BF48DC527AB}.Debug|x86.ActiveCfg = Debug|Any CPU
		{CB0D9362-8813-4A6E-825F-9BF48DC527AB}.Release|Any CPU.ActiveCfg = Release|Any CPU
		{CB0D9362-8813-4A6E-825F-9BF48DC527AB}.Release|Any CPU.Build.0 = Release|Any CPU
		{CB0D9362-8813-4A6E-825F-9BF48DC527AB}.Release|Mixed Platforms.ActiveCfg = Release|Any CPU
		{CB0D9362-8813-4A6E-825F-9BF48DC527AB}.Release|Mixed Platforms.Build.0 = Release|Any CPU
		{CB0D9362-8813-4A6E-825F-9BF48DC527AB}.Release|x86.ActiveCfg = Release|Any CPU
		{C1B81350-1893-49FF-9582-470C46C2729A}.Debug|Any CPU.ActiveCfg = Debug|Any CPU
		{C1B81350-1893-49FF-9582-470C46C2729A}.Debug|Any CPU.Build.0 = Debug|Any CPU
		{C1B81350-1893-49FF-9582-470C46C2729A}.Debug|Mixed Platforms.ActiveCfg = Debug|Any CPU
		{C1B81350-1893-49FF-9582-470C46C2729A}.Debug|Mixed Platforms.Build.0 = Debug|Any CPU
		{C1B81350-1893-49FF-9582-470C46C2729A}.Debug|x86.ActiveCfg = Debug|Any CPU
		{C1B81350-1893-49FF-9582-470C46C2729A}.Release|Any CPU.ActiveCfg = Release|Any CPU
		{C1B81350-1893-49FF-9582-470C46C2729A}.Release|Any CPU.Build.0 = Release|Any CPU
		{C1B81350-1893-49FF-9582-470C46C2729A}.Release|Mixed Platforms.ActiveCfg = Release|Any CPU
		{C1B81350-1893-49FF-9582-470C46C2729A}.Release|Mixed Platforms.Build.0 = Release|Any CPU
		{C1B81350-1893-49FF-9582-470C46C2729A}.Release|x86.ActiveCfg = Release|Any CPU
		{2CA46CD1-7165-4ED6-8918-C8E8D71A1EFA}.Debug|Any CPU.ActiveCfg = Debug|Any CPU
		{2CA46CD1-7165-4ED6-8918-C8E8D71A1EFA}.Debug|Any CPU.Build.0 = Debug|Any CPU
		{2CA46CD1-7165-4ED6-8918-C8E8D71A1EFA}.Debug|Mixed Platforms.ActiveCfg = Debug|Any CPU
		{2CA46CD1-7165-4ED6-8918-C8E8D71A1EFA}.Debug|Mixed Platforms.Build.0 = Debug|Any CPU
		{2CA46CD1-7165-4ED6-8918-C8E8D71A1EFA}.Debug|x86.ActiveCfg = Debug|Any CPU
		{2CA46CD1-7165-4ED6-8918-C8E8D71A1EFA}.Release|Any CPU.ActiveCfg = Release|Any CPU
		{2CA46CD1-7165-4ED6-8918-C8E8D71A1EFA}.Release|Any CPU.Build.0 = Release|Any CPU
		{2CA46CD1-7165-4ED6-8918-C8E8D71A1EFA}.Release|Mixed Platforms.ActiveCfg = Release|Any CPU
		{2CA46CD1-7165-4ED6-8918-C8E8D71A1EFA}.Release|Mixed Platforms.Build.0 = Release|Any CPU
		{2CA46CD1-7165-4ED6-8918-C8E8D71A1EFA}.Release|x86.ActiveCfg = Release|Any CPU
		{8F4B9954-1BA5-4664-BBCE-B79519FEE120}.Debug|Any CPU.ActiveCfg = Debug|Any CPU
		{8F4B9954-1BA5-4664-BBCE-B79519FEE120}.Debug|Any CPU.Build.0 = Debug|Any CPU
		{8F4B9954-1BA5-4664-BBCE-B79519FEE120}.Debug|Mixed Platforms.ActiveCfg = Debug|Any CPU
		{8F4B9954-1BA5-4664-BBCE-B79519FEE120}.Debug|Mixed Platforms.Build.0 = Debug|Any CPU
		{8F4B9954-1BA5-4664-BBCE-B79519FEE120}.Debug|x86.ActiveCfg = Debug|Any CPU
		{8F4B9954-1BA5-4664-BBCE-B79519FEE120}.Release|Any CPU.ActiveCfg = Release|Any CPU
		{8F4B9954-1BA5-4664-BBCE-B79519FEE120}.Release|Any CPU.Build.0 = Release|Any CPU
		{8F4B9954-1BA5-4664-BBCE-B79519FEE120}.Release|Mixed Platforms.ActiveCfg = Release|Any CPU
		{8F4B9954-1BA5-4664-BBCE-B79519FEE120}.Release|Mixed Platforms.Build.0 = Release|Any CPU
		{8F4B9954-1BA5-4664-BBCE-B79519FEE120}.Release|x86.ActiveCfg = Release|Any CPU
		{ABF6A30F-5063-460C-9277-AF0F59C89290}.Debug|Any CPU.ActiveCfg = Debug|Any CPU
		{ABF6A30F-5063-460C-9277-AF0F59C89290}.Debug|Any CPU.Build.0 = Debug|Any CPU
		{ABF6A30F-5063-460C-9277-AF0F59C89290}.Debug|Mixed Platforms.ActiveCfg = Debug|Any CPU
		{ABF6A30F-5063-460C-9277-AF0F59C89290}.Debug|Mixed Platforms.Build.0 = Debug|Any CPU
		{ABF6A30F-5063-460C-9277-AF0F59C89290}.Debug|x86.ActiveCfg = Debug|Any CPU
		{ABF6A30F-5063-460C-9277-AF0F59C89290}.Release|Any CPU.ActiveCfg = Release|Any CPU
		{ABF6A30F-5063-460C-9277-AF0F59C89290}.Release|Any CPU.Build.0 = Release|Any CPU
		{ABF6A30F-5063-460C-9277-AF0F59C89290}.Release|Mixed Platforms.ActiveCfg = Release|Any CPU
		{ABF6A30F-5063-460C-9277-AF0F59C89290}.Release|Mixed Platforms.Build.0 = Release|Any CPU
		{ABF6A30F-5063-460C-9277-AF0F59C89290}.Release|x86.ActiveCfg = Release|Any CPU
		{478077C0-A411-44A9-8053-E8E90BA2847B}.Debug|Any CPU.ActiveCfg = Debug|Any CPU
		{478077C0-A411-44A9-8053-E8E90BA2847B}.Debug|Mixed Platforms.ActiveCfg = Debug|Any CPU
		{478077C0-A411-44A9-8053-E8E90BA2847B}.Debug|Mixed Platforms.Build.0 = Debug|Any CPU
		{478077C0-A411-44A9-8053-E8E90BA2847B}.Debug|x86.ActiveCfg = Debug|Any CPU
		{478077C0-A411-44A9-8053-E8E90BA2847B}.Release|Any CPU.ActiveCfg = Release|Any CPU
		{478077C0-A411-44A9-8053-E8E90BA2847B}.Release|Any CPU.Build.0 = Release|Any CPU
		{478077C0-A411-44A9-8053-E8E90BA2847B}.Release|Mixed Platforms.ActiveCfg = Release|Any CPU
		{478077C0-A411-44A9-8053-E8E90BA2847B}.Release|Mixed Platforms.Build.0 = Release|Any CPU
		{478077C0-A411-44A9-8053-E8E90BA2847B}.Release|x86.ActiveCfg = Release|Any CPU
		{C59830A8-5F30-4AC1-A862-473D9911B08A}.Debug|Any CPU.ActiveCfg = Debug|Any CPU
		{C59830A8-5F30-4AC1-A862-473D9911B08A}.Debug|Mixed Platforms.ActiveCfg = Debug|Any CPU
		{C59830A8-5F30-4AC1-A862-473D9911B08A}.Debug|x86.ActiveCfg = Debug|Any CPU
		{C59830A8-5F30-4AC1-A862-473D9911B08A}.Release|Any CPU.ActiveCfg = Release|Any CPU
		{C59830A8-5F30-4AC1-A862-473D9911B08A}.Release|Mixed Platforms.ActiveCfg = Release|Any CPU
		{C59830A8-5F30-4AC1-A862-473D9911B08A}.Release|Mixed Platforms.Build.0 = Release|Any CPU
		{C59830A8-5F30-4AC1-A862-473D9911B08A}.Release|x86.ActiveCfg = Release|Any CPU
		{7F11C83F-B81F-49F0-ADE7-FF2CE5689C51}.Debug|Any CPU.ActiveCfg = Debug|x86
		{7F11C83F-B81F-49F0-ADE7-FF2CE5689C51}.Debug|Mixed Platforms.ActiveCfg = Debug|x86
		{7F11C83F-B81F-49F0-ADE7-FF2CE5689C51}.Debug|x86.ActiveCfg = Debug|x86
		{7F11C83F-B81F-49F0-ADE7-FF2CE5689C51}.Debug|x86.Build.0 = Debug|x86
		{7F11C83F-B81F-49F0-ADE7-FF2CE5689C51}.Release|Any CPU.ActiveCfg = Release|x86
		{7F11C83F-B81F-49F0-ADE7-FF2CE5689C51}.Release|Any CPU.Build.0 = Release|x86
		{7F11C83F-B81F-49F0-ADE7-FF2CE5689C51}.Release|Mixed Platforms.ActiveCfg = Release|x86
		{7F11C83F-B81F-49F0-ADE7-FF2CE5689C51}.Release|Mixed Platforms.Build.0 = Release|x86
		{7F11C83F-B81F-49F0-ADE7-FF2CE5689C51}.Release|x86.ActiveCfg = Release|x86
		{7F11C83F-B81F-49F0-ADE7-FF2CE5689C51}.Release|x86.Build.0 = Release|x86
		{1068FBA6-60F2-4A39-9941-CCD6447313E8}.Debug|Any CPU.ActiveCfg = Debug|Any CPU
		{1068FBA6-60F2-4A39-9941-CCD6447313E8}.Debug|Any CPU.Build.0 = Debug|Any CPU
		{1068FBA6-60F2-4A39-9941-CCD6447313E8}.Debug|Mixed Platforms.ActiveCfg = Debug|Any CPU
		{1068FBA6-60F2-4A39-9941-CCD6447313E8}.Debug|Mixed Platforms.Build.0 = Debug|Any CPU
		{1068FBA6-60F2-4A39-9941-CCD6447313E8}.Debug|x86.ActiveCfg = Debug|Any CPU
		{1068FBA6-60F2-4A39-9941-CCD6447313E8}.Release|Any CPU.ActiveCfg = Release|Any CPU
		{1068FBA6-60F2-4A39-9941-CCD6447313E8}.Release|Any CPU.Build.0 = Release|Any CPU
		{1068FBA6-60F2-4A39-9941-CCD6447313E8}.Release|Mixed Platforms.ActiveCfg = Release|Any CPU
		{1068FBA6-60F2-4A39-9941-CCD6447313E8}.Release|Mixed Platforms.Build.0 = Release|Any CPU
		{1068FBA6-60F2-4A39-9941-CCD6447313E8}.Release|x86.ActiveCfg = Release|Any CPU
		{9165EBDB-D528-4D2A-BD36-A0D986E609FA}.Debug|Any CPU.ActiveCfg = Debug|Any CPU
		{9165EBDB-D528-4D2A-BD36-A0D986E609FA}.Debug|Any CPU.Build.0 = Debug|Any CPU
		{9165EBDB-D528-4D2A-BD36-A0D986E609FA}.Debug|Mixed Platforms.ActiveCfg = Debug|Any CPU
		{9165EBDB-D528-4D2A-BD36-A0D986E609FA}.Debug|Mixed Platforms.Build.0 = Debug|Any CPU
		{9165EBDB-D528-4D2A-BD36-A0D986E609FA}.Debug|x86.ActiveCfg = Debug|Any CPU
		{9165EBDB-D528-4D2A-BD36-A0D986E609FA}.Release|Any CPU.ActiveCfg = Release|Any CPU
		{9165EBDB-D528-4D2A-BD36-A0D986E609FA}.Release|Any CPU.Build.0 = Release|Any CPU
		{9165EBDB-D528-4D2A-BD36-A0D986E609FA}.Release|Mixed Platforms.ActiveCfg = Release|Any CPU
		{9165EBDB-D528-4D2A-BD36-A0D986E609FA}.Release|Mixed Platforms.Build.0 = Release|Any CPU
		{9165EBDB-D528-4D2A-BD36-A0D986E609FA}.Release|x86.ActiveCfg = Release|Any CPU
		{930EBD41-0114-4B39-A89A-EBCD7C81931F}.Debug|Any CPU.ActiveCfg = Debug|Any CPU
		{930EBD41-0114-4B39-A89A-EBCD7C81931F}.Debug|Any CPU.Build.0 = Debug|Any CPU
		{930EBD41-0114-4B39-A89A-EBCD7C81931F}.Debug|Mixed Platforms.ActiveCfg = Debug|Any CPU
		{930EBD41-0114-4B39-A89A-EBCD7C81931F}.Debug|Mixed Platforms.Build.0 = Debug|Any CPU
		{930EBD41-0114-4B39-A89A-EBCD7C81931F}.Debug|x86.ActiveCfg = Debug|Any CPU
		{930EBD41-0114-4B39-A89A-EBCD7C81931F}.Release|Any CPU.ActiveCfg = Release|Any CPU
		{930EBD41-0114-4B39-A89A-EBCD7C81931F}.Release|Any CPU.Build.0 = Release|Any CPU
		{930EBD41-0114-4B39-A89A-EBCD7C81931F}.Release|Mixed Platforms.ActiveCfg = Release|Any CPU
		{930EBD41-0114-4B39-A89A-EBCD7C81931F}.Release|Mixed Platforms.Build.0 = Release|Any CPU
		{930EBD41-0114-4B39-A89A-EBCD7C81931F}.Release|x86.ActiveCfg = Release|Any CPU
		{2A78B30C-36FA-4B2D-B6AD-DA2EC52164A0}.Debug|Any CPU.ActiveCfg = Debug|Any CPU
		{2A78B30C-36FA-4B2D-B6AD-DA2EC52164A0}.Debug|Any CPU.Build.0 = Debug|Any CPU
		{2A78B30C-36FA-4B2D-B6AD-DA2EC52164A0}.Debug|Mixed Platforms.ActiveCfg = Debug|Any CPU
		{2A78B30C-36FA-4B2D-B6AD-DA2EC52164A0}.Debug|Mixed Platforms.Build.0 = Debug|Any CPU
		{2A78B30C-36FA-4B2D-B6AD-DA2EC52164A0}.Debug|x86.ActiveCfg = Debug|Any CPU
		{2A78B30C-36FA-4B2D-B6AD-DA2EC52164A0}.Release|Any CPU.ActiveCfg = Release|Any CPU
		{2A78B30C-36FA-4B2D-B6AD-DA2EC52164A0}.Release|Any CPU.Build.0 = Release|Any CPU
		{2A78B30C-36FA-4B2D-B6AD-DA2EC52164A0}.Release|Mixed Platforms.ActiveCfg = Release|Any CPU
		{2A78B30C-36FA-4B2D-B6AD-DA2EC52164A0}.Release|Mixed Platforms.Build.0 = Release|Any CPU
		{2A78B30C-36FA-4B2D-B6AD-DA2EC52164A0}.Release|x86.ActiveCfg = Release|Any CPU
	EndGlobalSection
	GlobalSection(SolutionProperties) = preSolution
		HideSolutionNode = FALSE
	EndGlobalSection
	GlobalSection(NestedProjects) = preSolution
		{809277C4-F27E-47B6-AC9F-E5EE54AE1399} = {36822C45-2766-42EF-A4A7-543D24FAAD37}
		{F0A26B2B-02CA-4095-AD20-013D0110ABB3} = {36822C45-2766-42EF-A4A7-543D24FAAD37}
		{2B1EC971-9055-4156-9FFF-0F2B3C7697F4} = {36822C45-2766-42EF-A4A7-543D24FAAD37}
		{DA88047A-8BA7-492B-BB71-EB87472817A5} = {36822C45-2766-42EF-A4A7-543D24FAAD37}
		{15DD2E27-2606-4211-BDCA-863BB9E26142} = {36822C45-2766-42EF-A4A7-543D24FAAD37}
		{C1B81350-1893-49FF-9582-470C46C2729A} = {36822C45-2766-42EF-A4A7-543D24FAAD37}
		{ABF6A30F-5063-460C-9277-AF0F59C89290} = {36822C45-2766-42EF-A4A7-543D24FAAD37}
		{1068FBA6-60F2-4A39-9941-CCD6447313E8} = {36822C45-2766-42EF-A4A7-543D24FAAD37}
		{2A78B30C-36FA-4B2D-B6AD-DA2EC52164A0} = {36822C45-2766-42EF-A4A7-543D24FAAD37}
		{4725C93E-55A0-42A5-9C61-61DC498A4308} = {6F297CC9-DA64-4469-9105-9CA63DEFB2DB}
		{CB0D9362-8813-4A6E-825F-9BF48DC527AB} = {6F297CC9-DA64-4469-9105-9CA63DEFB2DB}
		{930EBD41-0114-4B39-A89A-EBCD7C81931F} = {6F297CC9-DA64-4469-9105-9CA63DEFB2DB}
		{AB6D712C-8E4B-46F9-8AC8-BF65F3DA1B79} = {6B789A6A-7566-4229-87C8-66C01D988C31}
		{F4E8E368-F3DE-4B63-AF9E-96B29FF0E5C3} = {6B789A6A-7566-4229-87C8-66C01D988C31}
		{9165EBDB-D528-4D2A-BD36-A0D986E609FA} = {6B789A6A-7566-4229-87C8-66C01D988C31}
		{C59830A8-5F30-4AC1-A862-473D9911B08A} = {1820AB38-479F-49F7-9CF6-1920BFA94C41}
		{AF01B376-4A94-4A1E-A469-E4DCC30811F9} = {467B0823-AB21-4F23-B85C-00C31D5BC2C1}
		{D5963ECC-B62A-49AA-8627-87F95867D8A8} = {467B0823-AB21-4F23-B85C-00C31D5BC2C1}
		{23E33D41-535B-4FCA-AC56-EDEF6DFB14F1} = {024EBF54-994C-4E06-87F6-17D444178E99}
		{2CA46CD1-7165-4ED6-8918-C8E8D71A1EFA} = {23E33D41-535B-4FCA-AC56-EDEF6DFB14F1}
		{8F4B9954-1BA5-4664-BBCE-B79519FEE120} = {23E33D41-535B-4FCA-AC56-EDEF6DFB14F1}
		{478077C0-A411-44A9-8053-E8E90BA2847B} = {A462F00C-C5D1-4784-B712-81FDA7D566D4}
		{7F11C83F-B81F-49F0-ADE7-FF2CE5689C51} = {F3AF3F0D-D657-4074-85F6-0AF8669D3B66}
	EndGlobalSection
EndGlobal
