
Microsoft Visual Studio Solution File, Format Version 10.00
# Visual Studio 2008
Project("{FAE04EC0-301F-11D3-BF4B-00C04F79EFBC}") = "Sem.Sync.SyncBase", "Sem.Sync.SyncBase\Sem.Sync.SyncBase.csproj", "{4725C93E-55A0-42A5-9C61-61DC498A4308}"
EndProject
Project("{FAE04EC0-301F-11D3-BF4B-00C04F79EFBC}") = "Sem.Sync.LocalSyncManager", "Sem.Sync.LocalSyncManager\Sem.Sync.LocalSyncManager.csproj", "{F4E8E368-F3DE-4B63-AF9E-96B29FF0E5C3}"
EndProject
Project("{2150E333-8FDC-42A3-9474-1A3956D46DE8}") = "SyncBase", "SyncBase", "{6F297CC9-DA64-4469-9105-9CA63DEFB2DB}"
EndProject
Project("{2150E333-8FDC-42A3-9474-1A3956D46DE8}") = "Connectors", "Connectors", "{36822C45-2766-42EF-A4A7-543D24FAAD37}"
EndProject
Project("{2150E333-8FDC-42A3-9474-1A3956D46DE8}") = "Documentation", "Documentation", "{1820AB38-479F-49F7-9CF6-1920BFA94C41}"
	ProjectSection(SolutionItems) = preProject
		FactData.xlsx = FactData.xlsx
		Misc files\Sem.Sync.LocalSyncManager.Menu.png = Misc files\Sem.Sync.LocalSyncManager.Menu.png
		Sem_Sync_Documentation.chm = Sem_Sync_Documentation.chm
		SemSync-Mapping.xlsx = SemSync-Mapping.xlsx
	EndProjectSection
EndProject
Project("{FAE04EC0-301F-11D3-BF4B-00C04F79EFBC}") = "Sem.Sync.Connector.Filesystem", "Sem.Sync.Connector.Filesystem\Sem.Sync.Connector.Filesystem.csproj", "{F0A26B2B-02CA-4095-AD20-013D0110ABB3}"
EndProject
Project("{FAE04EC0-301F-11D3-BF4B-00C04F79EFBC}") = "Sem.Sync.SharedUI.WinForms", "Sem.Sync.SharedUI.WinForms\Sem.Sync.SharedUI.WinForms.csproj", "{CB0D9362-8813-4A6E-825F-9BF48DC527AB}"
EndProject
Project("{2150E333-8FDC-42A3-9474-1A3956D46DE8}") = "WinForms", "WinForms", "{6B789A6A-7566-4229-87C8-66C01D988C31}"
EndProject
Project("{2150E333-8FDC-42A3-9474-1A3956D46DE8}") = "Api", "Api", "{024EBF54-994C-4E06-87F6-17D444178E99}"
EndProject
Project("{2150E333-8FDC-42A3-9474-1A3956D46DE8}") = "Tests", "Tests", "{A462F00C-C5D1-4784-B712-81FDA7D566D4}"
EndProject
Project("{FAE04EC0-301F-11D3-BF4B-00C04F79EFBC}") = "Sem.Sync.Test", "Sem.Sync.Test\Sem.Sync.Test.csproj", "{478077C0-A411-44A9-8053-E8E90BA2847B}"
EndProject
Project("{2150E333-8FDC-42A3-9474-1A3956D46DE8}") = "Solution Items", "Solution Items", "{38747F9F-5CE3-4A29-A5D2-40638560264E}"
	ProjectSection(SolutionItems) = preProject
		LocalTestRun.testrunconfig = LocalTestRun.testrunconfig
		SemSync2.vsmdi = SemSync2.vsmdi
	EndProjectSection
EndProject
Project("{FAE04EC0-301F-11D3-BF4B-00C04F79EFBC}") = "Sem.GenericHelpers", "Sem.GenericHelpers\Sem.GenericHelpers.csproj", "{930EBD41-0114-4B39-A89A-EBCD7C81931F}"
EndProject
Project("{FAE04EC0-301F-11D3-BF4B-00C04F79EFBC}") = "Sem.Sync.Test.DataGenerator", "Sem.Sync.Test.DataGenerator\Sem.Sync.Test.DataGenerator.csproj", "{42794DFF-7448-47AA-BBFE-E56D83B756DB}"
EndProject
Project("{FAE04EC0-301F-11D3-BF4B-00C04F79EFBC}") = "Sem.Sync.Test.WebConnectors", "Sem.Sync.Test.WebConnectors\Sem.Sync.Test.WebConnectors.csproj", "{F66A835D-11C6-4EF2-A3D7-65E7B1D90915}"
EndProject
Project("{FAE04EC0-301F-11D3-BF4B-00C04F79EFBC}") = "Sem.Sync.Connector.Memory", "Sem.Sync.Connector.Memory\Sem.Sync.Connector.Memory.csproj", "{1F1C8AFD-703C-48BD-9398-02AA97CD6432}"
EndProject
Project("{FAE04EC0-301F-11D3-BF4B-00C04F79EFBC}") = "ExpressionSerialization", "ExternalAssemblies\ExpressionSerialization\ExpressionSerialization.csproj", "{01ABE4DB-4ABE-4B0E-878B-B42A8C9B6560}"
EndProject
Project("{FAE04EC0-301F-11D3-BF4B-00C04F79EFBC}") = "Sem.Sync.Test.Ui", "Sem.Sync.Test.Ui\Sem.Sync.Test.Ui.csproj", "{D382C555-7547-4CED-AC82-C76043E80126}"
EndProject
Project("{FAE04EC0-301F-11D3-BF4B-00C04F79EFBC}") = "Sdx.Sync.Connector.OracleCrmOnDemand", "Sdx.Sync.Connector.OracleCrmOnDemand\Sdx.Sync.Connector.OracleCrmOnDemand.csproj", "{F68CEEB2-C8E7-4A7D-ABD1-F5F02B4C84DE}"
EndProject
Project("{2150E333-8FDC-42A3-9474-1A3956D46DE8}") = "Setup", "Setup", "{38EFEFC5-C60D-4596-800A-4C4ABABA1EA7}"
EndProject
Project("{930C7802-8A8C-48F9-8165-68863BCCD9DD}") = "Sdx.Sync.ClientSetup", "Sdx.Sync.ClientSetup\Sdx.Sync.ClientSetup.wixproj", "{8470FD3F-846A-4709-915A-EA6540E1EA9D}"
EndProject
Project("{FAE04EC0-301F-11D3-BF4B-00C04F79EFBC}") = "Sem.Sync.Connector.Outlook", "Sem.Sync.Connector.Outlook\Sem.Sync.Connector.Outlook.csproj", "{809277C4-F27E-47B6-AC9F-E5EE54AE1399}"
EndProject
Project("{FAE04EC0-301F-11D3-BF4B-00C04F79EFBC}") = "Sem.Sync.Starter", "Sem.Sync.Starter\Sem.Sync.Starter.csproj", "{D9563118-8480-45B0-A20C-737ABA994069}"
EndProject
Project("{FAE04EC0-301F-11D3-BF4B-00C04F79EFBC}") = "Sem.Sync.SharedUI.Common", "Sem.Sync.SharedUI.Common\Sem.Sync.SharedUI.Common.csproj", "{B0AD009D-21C5-4BB6-A795-4DDEBC47F4D2}"
EndProject
Global
	GlobalSection(TeamFoundationVersionControl) = preSolution
		SccNumberOfProjects = 14
		SccEnterpriseProvider = {4CA58AB2-18FA-4F8D-95D4-32DDF27D184C}
		SccTeamFoundationServer = https://tfs01.codeplex.com/
		SccProjectUniqueName0 = Sem.Sync.SyncBase\\Sem.Sync.SyncBase.csproj
		SccProjectTopLevelParentUniqueName0 = SemSync-Sdx.sln
		SccProjectName0 = Sem.Sync.SyncBase
		SccAuxPath0 = https://tfs01.codeplex.com
		SccLocalPath0 = Sem.Sync.SyncBase
		SccProvider0 = {4CA58AB2-18FA-4F8D-95D4-32DDF27D184C}
		SccProjectUniqueName1 = Sem.Sync.Connector.Filesystem\\Sem.Sync.Connector.Filesystem.csproj
		SccProjectTopLevelParentUniqueName1 = SemSync-Sdx.sln
		SccProjectName1 = Sem.Sync.Connector.Filesystem
		SccAuxPath1 = https://tfs01.codeplex.com
		SccLocalPath1 = Sem.Sync.Connector.Filesystem
		SccProvider1 = {4CA58AB2-18FA-4F8D-95D4-32DDF27D184C}
		SccProjectUniqueName2 = Sem.Sync.SharedUI.WinForms\\Sem.Sync.SharedUI.WinForms.csproj
		SccProjectTopLevelParentUniqueName2 = SemSync-Sdx.sln
		SccProjectName2 = Sem.Sync.SharedUI.WinForms
		SccAuxPath2 = https://tfs01.codeplex.com
		SccLocalPath2 = Sem.Sync.SharedUI.WinForms
		SccProvider2 = {4CA58AB2-18FA-4F8D-95D4-32DDF27D184C}
		SccProjectUniqueName3 = Sem.Sync.LocalSyncManager\\Sem.Sync.LocalSyncManager.csproj
		SccProjectTopLevelParentUniqueName3 = SemSync-Sdx.sln
		SccProjectName3 = Sem.Sync.LocalSyncManager
		SccAuxPath3 = https://tfs01.codeplex.com
		SccLocalPath3 = Sem.Sync.LocalSyncManager
		SccProvider3 = {4CA58AB2-18FA-4F8D-95D4-32DDF27D184C}
		SccProjectUniqueName4 = Sem.Sync.Test\\Sem.Sync.Test.csproj
		SccProjectTopLevelParentUniqueName4 = SemSync-Sdx.sln
		SccProjectName4 = Sem.Sync.Test
		SccAuxPath4 = https://tfs01.codeplex.com
		SccLocalPath4 = Sem.Sync.Test
		SccProvider4 = {4CA58AB2-18FA-4F8D-95D4-32DDF27D184C}
		SccProjectUniqueName5 = Sem.GenericHelpers\\Sem.GenericHelpers.csproj
		SccProjectTopLevelParentUniqueName5 = SemSync-Sdx.sln
		SccProjectName5 = Sem.GenericHelpers
		SccAuxPath5 = https://tfs01.codeplex.com
		SccLocalPath5 = Sem.GenericHelpers
		SccProvider5 = {4CA58AB2-18FA-4F8D-95D4-32DDF27D184C}
		SccProjectUniqueName6 = Sem.Sync.Test.DataGenerator\\Sem.Sync.Test.DataGenerator.csproj
		SccProjectTopLevelParentUniqueName6 = SemSync-Sdx.sln
		SccProjectName6 = Sem.Sync.Test.DataGenerator
		SccAuxPath6 = https://tfs01.codeplex.com
		SccLocalPath6 = Sem.Sync.Test.DataGenerator
		SccProvider6 = {4CA58AB2-18FA-4F8D-95D4-32DDF27D184C}
		SccProjectUniqueName7 = Sem.Sync.Test.WebConnectors\\Sem.Sync.Test.WebConnectors.csproj
		SccProjectTopLevelParentUniqueName7 = SemSync-Sdx.sln
		SccProjectName7 = Sem.Sync.Test.WebConnectors
		SccAuxPath7 = https://tfs01.codeplex.com
		SccLocalPath7 = Sem.Sync.Test.WebConnectors
		SccProvider7 = {4CA58AB2-18FA-4F8D-95D4-32DDF27D184C}
		SccProjectUniqueName8 = Sem.Sync.Connector.Memory\\Sem.Sync.Connector.Memory.csproj
		SccProjectTopLevelParentUniqueName8 = SemSync-Sdx.sln
		SccProjectName8 = Sem.Sync.Connector.Memory
		SccAuxPath8 = https://tfs01.codeplex.com
		SccLocalPath8 = Sem.Sync.Connector.Memory
		SccProvider8 = {4CA58AB2-18FA-4F8D-95D4-32DDF27D184C}
		SccProjectUniqueName9 = ExternalAssemblies\\ExpressionSerialization\\ExpressionSerialization.csproj
		SccProjectTopLevelParentUniqueName9 = SemSync-Sdx.sln
		SccProjectName9 = ExternalAssemblies/ExpressionSerialization
		SccAuxPath9 = https://tfs01.codeplex.com
		SccLocalPath9 = ExternalAssemblies\\ExpressionSerialization
		SccProvider9 = {4CA58AB2-18FA-4F8D-95D4-32DDF27D184C}
		SccProjectUniqueName10 = Sem.Sync.Test.Ui\\Sem.Sync.Test.Ui.csproj
		SccProjectTopLevelParentUniqueName10 = SemSync-Sdx.sln
		SccProjectName10 = Sem.Sync.Test.Ui
		SccAuxPath10 = https://tfs01.codeplex.com
		SccLocalPath10 = Sem.Sync.Test.Ui
		SccProvider10 = {4CA58AB2-18FA-4F8D-95D4-32DDF27D184C}
		SccProjectUniqueName11 = Sem.Sync.Connector.Outlook\\Sem.Sync.Connector.Outlook.csproj
		SccProjectTopLevelParentUniqueName11 = SemSync-Sdx.sln
		SccProjectName11 = Sem.Sync.Connector.Outlook
		SccAuxPath11 = https://tfs01.codeplex.com
		SccLocalPath11 = Sem.Sync.Connector.Outlook
		SccProvider11 = {4CA58AB2-18FA-4F8D-95D4-32DDF27D184C}
		SccProjectUniqueName12 = Sem.Sync.Starter\\Sem.Sync.Starter.csproj
		SccProjectTopLevelParentUniqueName12 = SemSync-Sdx.sln
		SccProjectName12 = Sem.Sync.Starter
		SccAuxPath12 = https://tfs01.codeplex.com
		SccLocalPath12 = Sem.Sync.Starter
		SccProvider12 = {4CA58AB2-18FA-4F8D-95D4-32DDF27D184C}
		SccProjectUniqueName13 = Sem.Sync.SharedUI.Common\\Sem.Sync.SharedUI.Common.csproj
		SccProjectTopLevelParentUniqueName13 = SemSync-Sdx.sln
		SccProjectName13 = Sem.Sync.SharedUI.Common
		SccAuxPath13 = https://tfs01.codeplex.com
		SccLocalPath13 = Sem.Sync.SharedUI.Common
		SccProvider13 = {4CA58AB2-18FA-4F8D-95D4-32DDF27D184C}
	EndGlobalSection
	GlobalSection(TestCaseManagementSettings) = postSolution
		CategoryFile = SemSync2.vsmdi
	EndGlobalSection
	GlobalSection(SolutionConfigurationPlatforms) = preSolution
		Debug (Code Analysis)|Any CPU = Debug (Code Analysis)|Any CPU
		Debug (Code Analysis)|Mixed Platforms = Debug (Code Analysis)|Mixed Platforms
		Debug (Code Analysis)|x86 = Debug (Code Analysis)|x86
		Debug|Any CPU = Debug|Any CPU
		Debug|Mixed Platforms = Debug|Mixed Platforms
		Debug|x86 = Debug|x86
		Development MeinVZ|Any CPU = Development MeinVZ|Any CPU
		Development MeinVZ|Mixed Platforms = Development MeinVZ|Mixed Platforms
		Development MeinVZ|x86 = Development MeinVZ|x86
		Exclude Non-Standard-Projects|Any CPU = Exclude Non-Standard-Projects|Any CPU
		Exclude Non-Standard-Projects|Mixed Platforms = Exclude Non-Standard-Projects|Mixed Platforms
		Exclude Non-Standard-Projects|x86 = Exclude Non-Standard-Projects|x86
		Release|Any CPU = Release|Any CPU
		Release|Mixed Platforms = Release|Mixed Platforms
		Release|x86 = Release|x86
	EndGlobalSection
	GlobalSection(ProjectConfigurationPlatforms) = postSolution
		{4725C93E-55A0-42A5-9C61-61DC498A4308}.Debug (Code Analysis)|Any CPU.ActiveCfg = Debug (Code Analysis)|Any CPU
		{4725C93E-55A0-42A5-9C61-61DC498A4308}.Debug (Code Analysis)|Any CPU.Build.0 = Debug (Code Analysis)|Any CPU
		{4725C93E-55A0-42A5-9C61-61DC498A4308}.Debug (Code Analysis)|Mixed Platforms.ActiveCfg = Debug (Code Analysis)|Any CPU
		{4725C93E-55A0-42A5-9C61-61DC498A4308}.Debug (Code Analysis)|Mixed Platforms.Build.0 = Debug (Code Analysis)|Any CPU
		{4725C93E-55A0-42A5-9C61-61DC498A4308}.Debug (Code Analysis)|x86.ActiveCfg = Debug (Code Analysis)|Any CPU
		{4725C93E-55A0-42A5-9C61-61DC498A4308}.Debug|Any CPU.ActiveCfg = Debug|Any CPU
		{4725C93E-55A0-42A5-9C61-61DC498A4308}.Debug|Any CPU.Build.0 = Debug|Any CPU
		{4725C93E-55A0-42A5-9C61-61DC498A4308}.Debug|Mixed Platforms.ActiveCfg = Debug|Any CPU
		{4725C93E-55A0-42A5-9C61-61DC498A4308}.Debug|Mixed Platforms.Build.0 = Debug|Any CPU
		{4725C93E-55A0-42A5-9C61-61DC498A4308}.Debug|x86.ActiveCfg = Debug|Any CPU
		{4725C93E-55A0-42A5-9C61-61DC498A4308}.Development MeinVZ|Any CPU.ActiveCfg = Development MeinVZ|Any CPU
		{4725C93E-55A0-42A5-9C61-61DC498A4308}.Development MeinVZ|Any CPU.Build.0 = Development MeinVZ|Any CPU
		{4725C93E-55A0-42A5-9C61-61DC498A4308}.Development MeinVZ|Mixed Platforms.ActiveCfg = Development MeinVZ|Any CPU
		{4725C93E-55A0-42A5-9C61-61DC498A4308}.Development MeinVZ|Mixed Platforms.Build.0 = Development MeinVZ|Any CPU
		{4725C93E-55A0-42A5-9C61-61DC498A4308}.Development MeinVZ|x86.ActiveCfg = Development MeinVZ|Any CPU
		{4725C93E-55A0-42A5-9C61-61DC498A4308}.Exclude Non-Standard-Projects|Any CPU.ActiveCfg = Exclude Non-Standard-Projects|Any CPU
		{4725C93E-55A0-42A5-9C61-61DC498A4308}.Exclude Non-Standard-Projects|Any CPU.Build.0 = Exclude Non-Standard-Projects|Any CPU
		{4725C93E-55A0-42A5-9C61-61DC498A4308}.Exclude Non-Standard-Projects|Mixed Platforms.ActiveCfg = Exclude Non-Standard-Projects|Any CPU
		{4725C93E-55A0-42A5-9C61-61DC498A4308}.Exclude Non-Standard-Projects|Mixed Platforms.Build.0 = Exclude Non-Standard-Projects|Any CPU
		{4725C93E-55A0-42A5-9C61-61DC498A4308}.Exclude Non-Standard-Projects|x86.ActiveCfg = Exclude Non-Standard-Projects|Any CPU
		{4725C93E-55A0-42A5-9C61-61DC498A4308}.Release|Any CPU.ActiveCfg = Release|Any CPU
		{4725C93E-55A0-42A5-9C61-61DC498A4308}.Release|Any CPU.Build.0 = Release|Any CPU
		{4725C93E-55A0-42A5-9C61-61DC498A4308}.Release|Mixed Platforms.ActiveCfg = Release|Any CPU
		{4725C93E-55A0-42A5-9C61-61DC498A4308}.Release|Mixed Platforms.Build.0 = Release|Any CPU
		{4725C93E-55A0-42A5-9C61-61DC498A4308}.Release|x86.ActiveCfg = Release|Any CPU
		{F4E8E368-F3DE-4B63-AF9E-96B29FF0E5C3}.Debug (Code Analysis)|Any CPU.ActiveCfg = Debug (Code Analysis)|Any CPU
		{F4E8E368-F3DE-4B63-AF9E-96B29FF0E5C3}.Debug (Code Analysis)|Any CPU.Build.0 = Debug (Code Analysis)|Any CPU
		{F4E8E368-F3DE-4B63-AF9E-96B29FF0E5C3}.Debug (Code Analysis)|Mixed Platforms.ActiveCfg = Debug (Code Analysis)|Any CPU
		{F4E8E368-F3DE-4B63-AF9E-96B29FF0E5C3}.Debug (Code Analysis)|Mixed Platforms.Build.0 = Debug (Code Analysis)|Any CPU
		{F4E8E368-F3DE-4B63-AF9E-96B29FF0E5C3}.Debug (Code Analysis)|x86.ActiveCfg = Debug (Code Analysis)|Any CPU
		{F4E8E368-F3DE-4B63-AF9E-96B29FF0E5C3}.Debug|Any CPU.ActiveCfg = Debug|Any CPU
		{F4E8E368-F3DE-4B63-AF9E-96B29FF0E5C3}.Debug|Any CPU.Build.0 = Debug|Any CPU
		{F4E8E368-F3DE-4B63-AF9E-96B29FF0E5C3}.Debug|Mixed Platforms.ActiveCfg = Debug|Any CPU
		{F4E8E368-F3DE-4B63-AF9E-96B29FF0E5C3}.Debug|Mixed Platforms.Build.0 = Debug|Any CPU
		{F4E8E368-F3DE-4B63-AF9E-96B29FF0E5C3}.Debug|x86.ActiveCfg = Debug|Any CPU
		{F4E8E368-F3DE-4B63-AF9E-96B29FF0E5C3}.Development MeinVZ|Any CPU.ActiveCfg = Development MeinVZ|Any CPU
		{F4E8E368-F3DE-4B63-AF9E-96B29FF0E5C3}.Development MeinVZ|Any CPU.Build.0 = Development MeinVZ|Any CPU
		{F4E8E368-F3DE-4B63-AF9E-96B29FF0E5C3}.Development MeinVZ|Mixed Platforms.ActiveCfg = Development MeinVZ|Any CPU
		{F4E8E368-F3DE-4B63-AF9E-96B29FF0E5C3}.Development MeinVZ|Mixed Platforms.Build.0 = Development MeinVZ|Any CPU
		{F4E8E368-F3DE-4B63-AF9E-96B29FF0E5C3}.Development MeinVZ|x86.ActiveCfg = Development MeinVZ|Any CPU
		{F4E8E368-F3DE-4B63-AF9E-96B29FF0E5C3}.Exclude Non-Standard-Projects|Any CPU.ActiveCfg = Exclude Non-Standard-Projects|Any CPU
		{F4E8E368-F3DE-4B63-AF9E-96B29FF0E5C3}.Exclude Non-Standard-Projects|Any CPU.Build.0 = Exclude Non-Standard-Projects|Any CPU
		{F4E8E368-F3DE-4B63-AF9E-96B29FF0E5C3}.Exclude Non-Standard-Projects|Mixed Platforms.ActiveCfg = Exclude Non-Standard-Projects|Any CPU
		{F4E8E368-F3DE-4B63-AF9E-96B29FF0E5C3}.Exclude Non-Standard-Projects|Mixed Platforms.Build.0 = Exclude Non-Standard-Projects|Any CPU
		{F4E8E368-F3DE-4B63-AF9E-96B29FF0E5C3}.Exclude Non-Standard-Projects|x86.ActiveCfg = Exclude Non-Standard-Projects|Any CPU
		{F4E8E368-F3DE-4B63-AF9E-96B29FF0E5C3}.Release|Any CPU.ActiveCfg = Release|Any CPU
		{F4E8E368-F3DE-4B63-AF9E-96B29FF0E5C3}.Release|Any CPU.Build.0 = Release|Any CPU
		{F4E8E368-F3DE-4B63-AF9E-96B29FF0E5C3}.Release|Mixed Platforms.ActiveCfg = Release|Any CPU
		{F4E8E368-F3DE-4B63-AF9E-96B29FF0E5C3}.Release|Mixed Platforms.Build.0 = Release|Any CPU
		{F4E8E368-F3DE-4B63-AF9E-96B29FF0E5C3}.Release|x86.ActiveCfg = Release|Any CPU
		{F0A26B2B-02CA-4095-AD20-013D0110ABB3}.Debug (Code Analysis)|Any CPU.ActiveCfg = Debug (Code Analysis)|Any CPU
		{F0A26B2B-02CA-4095-AD20-013D0110ABB3}.Debug (Code Analysis)|Any CPU.Build.0 = Debug (Code Analysis)|Any CPU
		{F0A26B2B-02CA-4095-AD20-013D0110ABB3}.Debug (Code Analysis)|Mixed Platforms.ActiveCfg = Debug (Code Analysis)|Any CPU
		{F0A26B2B-02CA-4095-AD20-013D0110ABB3}.Debug (Code Analysis)|Mixed Platforms.Build.0 = Debug (Code Analysis)|Any CPU
		{F0A26B2B-02CA-4095-AD20-013D0110ABB3}.Debug (Code Analysis)|x86.ActiveCfg = Debug (Code Analysis)|Any CPU
		{F0A26B2B-02CA-4095-AD20-013D0110ABB3}.Debug|Any CPU.ActiveCfg = Debug|Any CPU
		{F0A26B2B-02CA-4095-AD20-013D0110ABB3}.Debug|Any CPU.Build.0 = Debug|Any CPU
		{F0A26B2B-02CA-4095-AD20-013D0110ABB3}.Debug|Mixed Platforms.ActiveCfg = Debug|Any CPU
		{F0A26B2B-02CA-4095-AD20-013D0110ABB3}.Debug|Mixed Platforms.Build.0 = Debug|Any CPU
		{F0A26B2B-02CA-4095-AD20-013D0110ABB3}.Debug|x86.ActiveCfg = Debug|Any CPU
		{F0A26B2B-02CA-4095-AD20-013D0110ABB3}.Development MeinVZ|Any CPU.ActiveCfg = Development MeinVZ|Any CPU
		{F0A26B2B-02CA-4095-AD20-013D0110ABB3}.Development MeinVZ|Any CPU.Build.0 = Development MeinVZ|Any CPU
		{F0A26B2B-02CA-4095-AD20-013D0110ABB3}.Development MeinVZ|Mixed Platforms.ActiveCfg = Development MeinVZ|Any CPU
		{F0A26B2B-02CA-4095-AD20-013D0110ABB3}.Development MeinVZ|Mixed Platforms.Build.0 = Development MeinVZ|Any CPU
		{F0A26B2B-02CA-4095-AD20-013D0110ABB3}.Development MeinVZ|x86.ActiveCfg = Development MeinVZ|Any CPU
		{F0A26B2B-02CA-4095-AD20-013D0110ABB3}.Exclude Non-Standard-Projects|Any CPU.ActiveCfg = Exclude Non-Standard-Projects|Any CPU
		{F0A26B2B-02CA-4095-AD20-013D0110ABB3}.Exclude Non-Standard-Projects|Any CPU.Build.0 = Exclude Non-Standard-Projects|Any CPU
		{F0A26B2B-02CA-4095-AD20-013D0110ABB3}.Exclude Non-Standard-Projects|Mixed Platforms.ActiveCfg = Exclude Non-Standard-Projects|Any CPU
		{F0A26B2B-02CA-4095-AD20-013D0110ABB3}.Exclude Non-Standard-Projects|x86.ActiveCfg = Exclude Non-Standard-Projects|Any CPU
		{F0A26B2B-02CA-4095-AD20-013D0110ABB3}.Release|Any CPU.ActiveCfg = Release|Any CPU
		{F0A26B2B-02CA-4095-AD20-013D0110ABB3}.Release|Any CPU.Build.0 = Release|Any CPU
		{F0A26B2B-02CA-4095-AD20-013D0110ABB3}.Release|Mixed Platforms.ActiveCfg = Release|Any CPU
		{F0A26B2B-02CA-4095-AD20-013D0110ABB3}.Release|Mixed Platforms.Build.0 = Release|Any CPU
		{F0A26B2B-02CA-4095-AD20-013D0110ABB3}.Release|x86.ActiveCfg = Release|Any CPU
		{CB0D9362-8813-4A6E-825F-9BF48DC527AB}.Debug (Code Analysis)|Any CPU.ActiveCfg = Debug (Code Analysis)|Any CPU
		{CB0D9362-8813-4A6E-825F-9BF48DC527AB}.Debug (Code Analysis)|Any CPU.Build.0 = Debug (Code Analysis)|Any CPU
		{CB0D9362-8813-4A6E-825F-9BF48DC527AB}.Debug (Code Analysis)|Mixed Platforms.ActiveCfg = Debug (Code Analysis)|Any CPU
		{CB0D9362-8813-4A6E-825F-9BF48DC527AB}.Debug (Code Analysis)|Mixed Platforms.Build.0 = Debug (Code Analysis)|Any CPU
		{CB0D9362-8813-4A6E-825F-9BF48DC527AB}.Debug (Code Analysis)|x86.ActiveCfg = Debug (Code Analysis)|Any CPU
		{CB0D9362-8813-4A6E-825F-9BF48DC527AB}.Debug|Any CPU.ActiveCfg = Debug|Any CPU
		{CB0D9362-8813-4A6E-825F-9BF48DC527AB}.Debug|Any CPU.Build.0 = Debug|Any CPU
		{CB0D9362-8813-4A6E-825F-9BF48DC527AB}.Debug|Mixed Platforms.ActiveCfg = Debug|Any CPU
		{CB0D9362-8813-4A6E-825F-9BF48DC527AB}.Debug|Mixed Platforms.Build.0 = Debug|Any CPU
		{CB0D9362-8813-4A6E-825F-9BF48DC527AB}.Debug|x86.ActiveCfg = Debug|Any CPU
		{CB0D9362-8813-4A6E-825F-9BF48DC527AB}.Development MeinVZ|Any CPU.ActiveCfg = Development MeinVZ|Any CPU
		{CB0D9362-8813-4A6E-825F-9BF48DC527AB}.Development MeinVZ|Any CPU.Build.0 = Development MeinVZ|Any CPU
		{CB0D9362-8813-4A6E-825F-9BF48DC527AB}.Development MeinVZ|Mixed Platforms.ActiveCfg = Development MeinVZ|Any CPU
		{CB0D9362-8813-4A6E-825F-9BF48DC527AB}.Development MeinVZ|Mixed Platforms.Build.0 = Development MeinVZ|Any CPU
		{CB0D9362-8813-4A6E-825F-9BF48DC527AB}.Development MeinVZ|x86.ActiveCfg = Development MeinVZ|Any CPU
		{CB0D9362-8813-4A6E-825F-9BF48DC527AB}.Exclude Non-Standard-Projects|Any CPU.ActiveCfg = Exclude Non-Standard-Projects|Any CPU
		{CB0D9362-8813-4A6E-825F-9BF48DC527AB}.Exclude Non-Standard-Projects|Any CPU.Build.0 = Exclude Non-Standard-Projects|Any CPU
		{CB0D9362-8813-4A6E-825F-9BF48DC527AB}.Exclude Non-Standard-Projects|Mixed Platforms.ActiveCfg = Exclude Non-Standard-Projects|Any CPU
		{CB0D9362-8813-4A6E-825F-9BF48DC527AB}.Exclude Non-Standard-Projects|x86.ActiveCfg = Exclude Non-Standard-Projects|Any CPU
		{CB0D9362-8813-4A6E-825F-9BF48DC527AB}.Release|Any CPU.ActiveCfg = Release|Any CPU
		{CB0D9362-8813-4A6E-825F-9BF48DC527AB}.Release|Any CPU.Build.0 = Release|Any CPU
		{CB0D9362-8813-4A6E-825F-9BF48DC527AB}.Release|Mixed Platforms.ActiveCfg = Release|Any CPU
		{CB0D9362-8813-4A6E-825F-9BF48DC527AB}.Release|Mixed Platforms.Build.0 = Release|Any CPU
		{CB0D9362-8813-4A6E-825F-9BF48DC527AB}.Release|x86.ActiveCfg = Release|Any CPU
		{478077C0-A411-44A9-8053-E8E90BA2847B}.Debug (Code Analysis)|Any CPU.ActiveCfg = Debug (Code Analysis)|Any CPU
		{478077C0-A411-44A9-8053-E8E90BA2847B}.Debug (Code Analysis)|Any CPU.Build.0 = Debug (Code Analysis)|Any CPU
		{478077C0-A411-44A9-8053-E8E90BA2847B}.Debug (Code Analysis)|Mixed Platforms.ActiveCfg = Debug (Code Analysis)|Any CPU
		{478077C0-A411-44A9-8053-E8E90BA2847B}.Debug (Code Analysis)|x86.ActiveCfg = Debug (Code Analysis)|Any CPU
		{478077C0-A411-44A9-8053-E8E90BA2847B}.Debug|Any CPU.ActiveCfg = Debug|Any CPU
		{478077C0-A411-44A9-8053-E8E90BA2847B}.Debug|Any CPU.Build.0 = Debug|Any CPU
		{478077C0-A411-44A9-8053-E8E90BA2847B}.Debug|Mixed Platforms.ActiveCfg = Debug|Any CPU
		{478077C0-A411-44A9-8053-E8E90BA2847B}.Debug|Mixed Platforms.Build.0 = Debug|Any CPU
		{478077C0-A411-44A9-8053-E8E90BA2847B}.Debug|x86.ActiveCfg = Debug|Any CPU
		{478077C0-A411-44A9-8053-E8E90BA2847B}.Development MeinVZ|Any CPU.ActiveCfg = Development MeinVZ|Any CPU
		{478077C0-A411-44A9-8053-E8E90BA2847B}.Development MeinVZ|Any CPU.Build.0 = Development MeinVZ|Any CPU
		{478077C0-A411-44A9-8053-E8E90BA2847B}.Development MeinVZ|Mixed Platforms.ActiveCfg = Development MeinVZ|Any CPU
		{478077C0-A411-44A9-8053-E8E90BA2847B}.Development MeinVZ|x86.ActiveCfg = Development MeinVZ|Any CPU
		{478077C0-A411-44A9-8053-E8E90BA2847B}.Exclude Non-Standard-Projects|Any CPU.ActiveCfg = Exclude Non-Standard-Projects|Any CPU
		{478077C0-A411-44A9-8053-E8E90BA2847B}.Exclude Non-Standard-Projects|Any CPU.Build.0 = Exclude Non-Standard-Projects|Any CPU
		{478077C0-A411-44A9-8053-E8E90BA2847B}.Exclude Non-Standard-Projects|Mixed Platforms.ActiveCfg = Exclude Non-Standard-Projects|Any CPU
		{478077C0-A411-44A9-8053-E8E90BA2847B}.Exclude Non-Standard-Projects|x86.ActiveCfg = Exclude Non-Standard-Projects|Any CPU
		{478077C0-A411-44A9-8053-E8E90BA2847B}.Release|Any CPU.ActiveCfg = Release|Any CPU
		{478077C0-A411-44A9-8053-E8E90BA2847B}.Release|Mixed Platforms.ActiveCfg = Release|Any CPU
		{478077C0-A411-44A9-8053-E8E90BA2847B}.Release|x86.ActiveCfg = Release|Any CPU
		{930EBD41-0114-4B39-A89A-EBCD7C81931F}.Debug (Code Analysis)|Any CPU.ActiveCfg = Debug (Code Analysis)|Any CPU
		{930EBD41-0114-4B39-A89A-EBCD7C81931F}.Debug (Code Analysis)|Any CPU.Build.0 = Debug (Code Analysis)|Any CPU
		{930EBD41-0114-4B39-A89A-EBCD7C81931F}.Debug (Code Analysis)|Mixed Platforms.ActiveCfg = Debug (Code Analysis)|Any CPU
		{930EBD41-0114-4B39-A89A-EBCD7C81931F}.Debug (Code Analysis)|Mixed Platforms.Build.0 = Debug (Code Analysis)|Any CPU
		{930EBD41-0114-4B39-A89A-EBCD7C81931F}.Debug (Code Analysis)|x86.ActiveCfg = Debug (Code Analysis)|Any CPU
		{930EBD41-0114-4B39-A89A-EBCD7C81931F}.Debug|Any CPU.ActiveCfg = Debug|Any CPU
		{930EBD41-0114-4B39-A89A-EBCD7C81931F}.Debug|Any CPU.Build.0 = Debug|Any CPU
		{930EBD41-0114-4B39-A89A-EBCD7C81931F}.Debug|Mixed Platforms.ActiveCfg = Debug|Any CPU
		{930EBD41-0114-4B39-A89A-EBCD7C81931F}.Debug|Mixed Platforms.Build.0 = Debug|Any CPU
		{930EBD41-0114-4B39-A89A-EBCD7C81931F}.Debug|x86.ActiveCfg = Debug|Any CPU
		{930EBD41-0114-4B39-A89A-EBCD7C81931F}.Development MeinVZ|Any CPU.ActiveCfg = Development MeinVZ|Any CPU
		{930EBD41-0114-4B39-A89A-EBCD7C81931F}.Development MeinVZ|Any CPU.Build.0 = Development MeinVZ|Any CPU
		{930EBD41-0114-4B39-A89A-EBCD7C81931F}.Development MeinVZ|Mixed Platforms.ActiveCfg = Development MeinVZ|Any CPU
		{930EBD41-0114-4B39-A89A-EBCD7C81931F}.Development MeinVZ|Mixed Platforms.Build.0 = Development MeinVZ|Any CPU
		{930EBD41-0114-4B39-A89A-EBCD7C81931F}.Development MeinVZ|x86.ActiveCfg = Development MeinVZ|Any CPU
		{930EBD41-0114-4B39-A89A-EBCD7C81931F}.Exclude Non-Standard-Projects|Any CPU.ActiveCfg = Exclude Non-Standard-Projects|Any CPU
		{930EBD41-0114-4B39-A89A-EBCD7C81931F}.Exclude Non-Standard-Projects|Any CPU.Build.0 = Exclude Non-Standard-Projects|Any CPU
		{930EBD41-0114-4B39-A89A-EBCD7C81931F}.Exclude Non-Standard-Projects|Mixed Platforms.ActiveCfg = Exclude Non-Standard-Projects|Any CPU
		{930EBD41-0114-4B39-A89A-EBCD7C81931F}.Exclude Non-Standard-Projects|Mixed Platforms.Build.0 = Exclude Non-Standard-Projects|Any CPU
		{930EBD41-0114-4B39-A89A-EBCD7C81931F}.Exclude Non-Standard-Projects|x86.ActiveCfg = Exclude Non-Standard-Projects|Any CPU
		{930EBD41-0114-4B39-A89A-EBCD7C81931F}.Release|Any CPU.ActiveCfg = Release|Any CPU
		{930EBD41-0114-4B39-A89A-EBCD7C81931F}.Release|Any CPU.Build.0 = Release|Any CPU
		{930EBD41-0114-4B39-A89A-EBCD7C81931F}.Release|Mixed Platforms.ActiveCfg = Release|Any CPU
		{930EBD41-0114-4B39-A89A-EBCD7C81931F}.Release|Mixed Platforms.Build.0 = Release|Any CPU
		{930EBD41-0114-4B39-A89A-EBCD7C81931F}.Release|x86.ActiveCfg = Release|Any CPU
		{42794DFF-7448-47AA-BBFE-E56D83B756DB}.Debug (Code Analysis)|Any CPU.ActiveCfg = Debug (Code Analysis)|Any CPU
		{42794DFF-7448-47AA-BBFE-E56D83B756DB}.Debug (Code Analysis)|Any CPU.Build.0 = Debug (Code Analysis)|Any CPU
		{42794DFF-7448-47AA-BBFE-E56D83B756DB}.Debug (Code Analysis)|Mixed Platforms.ActiveCfg = Debug (Code Analysis)|Any CPU
		{42794DFF-7448-47AA-BBFE-E56D83B756DB}.Debug (Code Analysis)|Mixed Platforms.Build.0 = Debug (Code Analysis)|Any CPU
		{42794DFF-7448-47AA-BBFE-E56D83B756DB}.Debug (Code Analysis)|x86.ActiveCfg = Debug (Code Analysis)|Any CPU
		{42794DFF-7448-47AA-BBFE-E56D83B756DB}.Debug|Any CPU.ActiveCfg = Debug|Any CPU
		{42794DFF-7448-47AA-BBFE-E56D83B756DB}.Debug|Any CPU.Build.0 = Debug|Any CPU
		{42794DFF-7448-47AA-BBFE-E56D83B756DB}.Debug|Mixed Platforms.ActiveCfg = Debug|Any CPU
		{42794DFF-7448-47AA-BBFE-E56D83B756DB}.Debug|Mixed Platforms.Build.0 = Debug|Any CPU
		{42794DFF-7448-47AA-BBFE-E56D83B756DB}.Debug|x86.ActiveCfg = Debug|Any CPU
		{42794DFF-7448-47AA-BBFE-E56D83B756DB}.Development MeinVZ|Any CPU.ActiveCfg = Development MeinVZ|Any CPU
		{42794DFF-7448-47AA-BBFE-E56D83B756DB}.Development MeinVZ|Any CPU.Build.0 = Development MeinVZ|Any CPU
		{42794DFF-7448-47AA-BBFE-E56D83B756DB}.Development MeinVZ|Mixed Platforms.ActiveCfg = Development MeinVZ|Any CPU
		{42794DFF-7448-47AA-BBFE-E56D83B756DB}.Development MeinVZ|Mixed Platforms.Build.0 = Development MeinVZ|Any CPU
		{42794DFF-7448-47AA-BBFE-E56D83B756DB}.Development MeinVZ|x86.ActiveCfg = Development MeinVZ|Any CPU
		{42794DFF-7448-47AA-BBFE-E56D83B756DB}.Exclude Non-Standard-Projects|Any CPU.ActiveCfg = Exclude Non-Standard-Projects|Any CPU
		{42794DFF-7448-47AA-BBFE-E56D83B756DB}.Exclude Non-Standard-Projects|Any CPU.Build.0 = Exclude Non-Standard-Projects|Any CPU
		{42794DFF-7448-47AA-BBFE-E56D83B756DB}.Exclude Non-Standard-Projects|Mixed Platforms.ActiveCfg = Exclude Non-Standard-Projects|Any CPU
		{42794DFF-7448-47AA-BBFE-E56D83B756DB}.Exclude Non-Standard-Projects|Mixed Platforms.Build.0 = Exclude Non-Standard-Projects|Any CPU
		{42794DFF-7448-47AA-BBFE-E56D83B756DB}.Exclude Non-Standard-Projects|x86.ActiveCfg = Exclude Non-Standard-Projects|Any CPU
		{42794DFF-7448-47AA-BBFE-E56D83B756DB}.Release|Any CPU.ActiveCfg = Release|Any CPU
		{42794DFF-7448-47AA-BBFE-E56D83B756DB}.Release|Any CPU.Build.0 = Release|Any CPU
		{42794DFF-7448-47AA-BBFE-E56D83B756DB}.Release|Mixed Platforms.ActiveCfg = Release|Any CPU
		{42794DFF-7448-47AA-BBFE-E56D83B756DB}.Release|Mixed Platforms.Build.0 = Release|Any CPU
		{42794DFF-7448-47AA-BBFE-E56D83B756DB}.Release|x86.ActiveCfg = Release|Any CPU
		{F66A835D-11C6-4EF2-A3D7-65E7B1D90915}.Debug (Code Analysis)|Any CPU.ActiveCfg = Debug|Any CPU
		{F66A835D-11C6-4EF2-A3D7-65E7B1D90915}.Debug (Code Analysis)|Any CPU.Build.0 = Debug|Any CPU
		{F66A835D-11C6-4EF2-A3D7-65E7B1D90915}.Debug (Code Analysis)|Mixed Platforms.ActiveCfg = Debug (Code Analysis)|Any CPU
		{F66A835D-11C6-4EF2-A3D7-65E7B1D90915}.Debug (Code Analysis)|Mixed Platforms.Build.0 = Debug (Code Analysis)|Any CPU
		{F66A835D-11C6-4EF2-A3D7-65E7B1D90915}.Debug (Code Analysis)|x86.ActiveCfg = Debug|Any CPU
		{F66A835D-11C6-4EF2-A3D7-65E7B1D90915}.Debug|Any CPU.ActiveCfg = Debug|Any CPU
		{F66A835D-11C6-4EF2-A3D7-65E7B1D90915}.Debug|Any CPU.Build.0 = Debug|Any CPU
		{F66A835D-11C6-4EF2-A3D7-65E7B1D90915}.Debug|Mixed Platforms.ActiveCfg = Debug|Any CPU
		{F66A835D-11C6-4EF2-A3D7-65E7B1D90915}.Debug|Mixed Platforms.Build.0 = Debug|Any CPU
		{F66A835D-11C6-4EF2-A3D7-65E7B1D90915}.Debug|x86.ActiveCfg = Debug|Any CPU
		{F66A835D-11C6-4EF2-A3D7-65E7B1D90915}.Development MeinVZ|Any CPU.ActiveCfg = Debug|Any CPU
		{F66A835D-11C6-4EF2-A3D7-65E7B1D90915}.Development MeinVZ|Any CPU.Build.0 = Debug|Any CPU
		{F66A835D-11C6-4EF2-A3D7-65E7B1D90915}.Development MeinVZ|Mixed Platforms.ActiveCfg = Debug|Any CPU
		{F66A835D-11C6-4EF2-A3D7-65E7B1D90915}.Development MeinVZ|Mixed Platforms.Build.0 = Debug|Any CPU
		{F66A835D-11C6-4EF2-A3D7-65E7B1D90915}.Development MeinVZ|x86.ActiveCfg = Debug|Any CPU
		{F66A835D-11C6-4EF2-A3D7-65E7B1D90915}.Exclude Non-Standard-Projects|Any CPU.ActiveCfg = Release|Any CPU
		{F66A835D-11C6-4EF2-A3D7-65E7B1D90915}.Exclude Non-Standard-Projects|Any CPU.Build.0 = Release|Any CPU
		{F66A835D-11C6-4EF2-A3D7-65E7B1D90915}.Exclude Non-Standard-Projects|Mixed Platforms.ActiveCfg = Release|Any CPU
		{F66A835D-11C6-4EF2-A3D7-65E7B1D90915}.Exclude Non-Standard-Projects|x86.ActiveCfg = Release|Any CPU
		{F66A835D-11C6-4EF2-A3D7-65E7B1D90915}.Release|Any CPU.ActiveCfg = Release|Any CPU
		{F66A835D-11C6-4EF2-A3D7-65E7B1D90915}.Release|Any CPU.Build.0 = Release|Any CPU
		{F66A835D-11C6-4EF2-A3D7-65E7B1D90915}.Release|Mixed Platforms.ActiveCfg = Release|Any CPU
		{F66A835D-11C6-4EF2-A3D7-65E7B1D90915}.Release|Mixed Platforms.Build.0 = Release|Any CPU
		{F66A835D-11C6-4EF2-A3D7-65E7B1D90915}.Release|x86.ActiveCfg = Release|Any CPU
		{1F1C8AFD-703C-48BD-9398-02AA97CD6432}.Debug (Code Analysis)|Any CPU.ActiveCfg = Debug (Code Analysis)|Any CPU
		{1F1C8AFD-703C-48BD-9398-02AA97CD6432}.Debug (Code Analysis)|Any CPU.Build.0 = Debug (Code Analysis)|Any CPU
		{1F1C8AFD-703C-48BD-9398-02AA97CD6432}.Debug (Code Analysis)|Mixed Platforms.ActiveCfg = Debug (Code Analysis)|Any CPU
		{1F1C8AFD-703C-48BD-9398-02AA97CD6432}.Debug (Code Analysis)|Mixed Platforms.Build.0 = Debug (Code Analysis)|Any CPU
		{1F1C8AFD-703C-48BD-9398-02AA97CD6432}.Debug (Code Analysis)|x86.ActiveCfg = Debug (Code Analysis)|Any CPU
		{1F1C8AFD-703C-48BD-9398-02AA97CD6432}.Debug|Any CPU.ActiveCfg = Debug|Any CPU
		{1F1C8AFD-703C-48BD-9398-02AA97CD6432}.Debug|Any CPU.Build.0 = Debug|Any CPU
		{1F1C8AFD-703C-48BD-9398-02AA97CD6432}.Debug|Mixed Platforms.ActiveCfg = Debug|Any CPU
		{1F1C8AFD-703C-48BD-9398-02AA97CD6432}.Debug|Mixed Platforms.Build.0 = Debug|Any CPU
		{1F1C8AFD-703C-48BD-9398-02AA97CD6432}.Debug|x86.ActiveCfg = Debug|Any CPU
		{1F1C8AFD-703C-48BD-9398-02AA97CD6432}.Development MeinVZ|Any CPU.ActiveCfg = Debug (Code Analysis)|Any CPU
		{1F1C8AFD-703C-48BD-9398-02AA97CD6432}.Development MeinVZ|Any CPU.Build.0 = Debug (Code Analysis)|Any CPU
		{1F1C8AFD-703C-48BD-9398-02AA97CD6432}.Development MeinVZ|Mixed Platforms.ActiveCfg = Debug (Code Analysis)|Any CPU
		{1F1C8AFD-703C-48BD-9398-02AA97CD6432}.Development MeinVZ|Mixed Platforms.Build.0 = Debug (Code Analysis)|Any CPU
		{1F1C8AFD-703C-48BD-9398-02AA97CD6432}.Development MeinVZ|x86.ActiveCfg = Debug (Code Analysis)|Any CPU
		{1F1C8AFD-703C-48BD-9398-02AA97CD6432}.Exclude Non-Standard-Projects|Any CPU.ActiveCfg = Exclude Non-Standard-Projects|Any CPU
		{1F1C8AFD-703C-48BD-9398-02AA97CD6432}.Exclude Non-Standard-Projects|Any CPU.Build.0 = Exclude Non-Standard-Projects|Any CPU
		{1F1C8AFD-703C-48BD-9398-02AA97CD6432}.Exclude Non-Standard-Projects|Mixed Platforms.ActiveCfg = Exclude Non-Standard-Projects|Any CPU
		{1F1C8AFD-703C-48BD-9398-02AA97CD6432}.Exclude Non-Standard-Projects|x86.ActiveCfg = Exclude Non-Standard-Projects|Any CPU
		{1F1C8AFD-703C-48BD-9398-02AA97CD6432}.Release|Any CPU.ActiveCfg = Release|Any CPU
		{1F1C8AFD-703C-48BD-9398-02AA97CD6432}.Release|Any CPU.Build.0 = Release|Any CPU
		{1F1C8AFD-703C-48BD-9398-02AA97CD6432}.Release|Mixed Platforms.ActiveCfg = Release|Any CPU
		{1F1C8AFD-703C-48BD-9398-02AA97CD6432}.Release|Mixed Platforms.Build.0 = Release|Any CPU
		{1F1C8AFD-703C-48BD-9398-02AA97CD6432}.Release|x86.ActiveCfg = Release|Any CPU
		{01ABE4DB-4ABE-4B0E-878B-B42A8C9B6560}.Debug (Code Analysis)|Any CPU.ActiveCfg = Debug|Any CPU
		{01ABE4DB-4ABE-4B0E-878B-B42A8C9B6560}.Debug (Code Analysis)|Any CPU.Build.0 = Debug|Any CPU
		{01ABE4DB-4ABE-4B0E-878B-B42A8C9B6560}.Debug (Code Analysis)|Mixed Platforms.ActiveCfg = Debug|Any CPU
		{01ABE4DB-4ABE-4B0E-878B-B42A8C9B6560}.Debug (Code Analysis)|Mixed Platforms.Build.0 = Debug|Any CPU
		{01ABE4DB-4ABE-4B0E-878B-B42A8C9B6560}.Debug (Code Analysis)|x86.ActiveCfg = Debug|Any CPU
		{01ABE4DB-4ABE-4B0E-878B-B42A8C9B6560}.Debug|Any CPU.ActiveCfg = Debug|Any CPU
		{01ABE4DB-4ABE-4B0E-878B-B42A8C9B6560}.Debug|Any CPU.Build.0 = Debug|Any CPU
		{01ABE4DB-4ABE-4B0E-878B-B42A8C9B6560}.Debug|Mixed Platforms.ActiveCfg = Debug|Any CPU
		{01ABE4DB-4ABE-4B0E-878B-B42A8C9B6560}.Debug|Mixed Platforms.Build.0 = Debug|Any CPU
		{01ABE4DB-4ABE-4B0E-878B-B42A8C9B6560}.Debug|x86.ActiveCfg = Debug|Any CPU
		{01ABE4DB-4ABE-4B0E-878B-B42A8C9B6560}.Development MeinVZ|Any CPU.ActiveCfg = Debug|Any CPU
		{01ABE4DB-4ABE-4B0E-878B-B42A8C9B6560}.Development MeinVZ|Any CPU.Build.0 = Debug|Any CPU
		{01ABE4DB-4ABE-4B0E-878B-B42A8C9B6560}.Development MeinVZ|Mixed Platforms.ActiveCfg = Debug|Any CPU
		{01ABE4DB-4ABE-4B0E-878B-B42A8C9B6560}.Development MeinVZ|Mixed Platforms.Build.0 = Debug|Any CPU
		{01ABE4DB-4ABE-4B0E-878B-B42A8C9B6560}.Development MeinVZ|x86.ActiveCfg = Debug|Any CPU
		{01ABE4DB-4ABE-4B0E-878B-B42A8C9B6560}.Exclude Non-Standard-Projects|Any CPU.ActiveCfg = Release|Any CPU
		{01ABE4DB-4ABE-4B0E-878B-B42A8C9B6560}.Exclude Non-Standard-Projects|Any CPU.Build.0 = Release|Any CPU
		{01ABE4DB-4ABE-4B0E-878B-B42A8C9B6560}.Exclude Non-Standard-Projects|Mixed Platforms.ActiveCfg = Release|Any CPU
		{01ABE4DB-4ABE-4B0E-878B-B42A8C9B6560}.Exclude Non-Standard-Projects|Mixed Platforms.Build.0 = Release|Any CPU
		{01ABE4DB-4ABE-4B0E-878B-B42A8C9B6560}.Exclude Non-Standard-Projects|x86.ActiveCfg = Release|Any CPU
		{01ABE4DB-4ABE-4B0E-878B-B42A8C9B6560}.Release|Any CPU.ActiveCfg = Release|Any CPU
		{01ABE4DB-4ABE-4B0E-878B-B42A8C9B6560}.Release|Any CPU.Build.0 = Release|Any CPU
		{01ABE4DB-4ABE-4B0E-878B-B42A8C9B6560}.Release|Mixed Platforms.ActiveCfg = Release|Any CPU
		{01ABE4DB-4ABE-4B0E-878B-B42A8C9B6560}.Release|Mixed Platforms.Build.0 = Release|Any CPU
		{01ABE4DB-4ABE-4B0E-878B-B42A8C9B6560}.Release|x86.ActiveCfg = Release|Any CPU
		{D382C555-7547-4CED-AC82-C76043E80126}.Debug (Code Analysis)|Any CPU.ActiveCfg = Debug|Any CPU
		{D382C555-7547-4CED-AC82-C76043E80126}.Debug (Code Analysis)|Any CPU.Build.0 = Debug|Any CPU
		{D382C555-7547-4CED-AC82-C76043E80126}.Debug (Code Analysis)|Mixed Platforms.ActiveCfg = Debug|Any CPU
		{D382C555-7547-4CED-AC82-C76043E80126}.Debug (Code Analysis)|Mixed Platforms.Build.0 = Debug|Any CPU
		{D382C555-7547-4CED-AC82-C76043E80126}.Debug (Code Analysis)|x86.ActiveCfg = Debug|Any CPU
		{D382C555-7547-4CED-AC82-C76043E80126}.Debug|Any CPU.ActiveCfg = Debug|Any CPU
		{D382C555-7547-4CED-AC82-C76043E80126}.Debug|Any CPU.Build.0 = Debug|Any CPU
		{D382C555-7547-4CED-AC82-C76043E80126}.Debug|Mixed Platforms.ActiveCfg = Debug|Any CPU
		{D382C555-7547-4CED-AC82-C76043E80126}.Debug|Mixed Platforms.Build.0 = Debug|Any CPU
		{D382C555-7547-4CED-AC82-C76043E80126}.Debug|x86.ActiveCfg = Debug|Any CPU
		{D382C555-7547-4CED-AC82-C76043E80126}.Development MeinVZ|Any CPU.ActiveCfg = Debug|Any CPU
		{D382C555-7547-4CED-AC82-C76043E80126}.Development MeinVZ|Any CPU.Build.0 = Debug|Any CPU
		{D382C555-7547-4CED-AC82-C76043E80126}.Development MeinVZ|Mixed Platforms.ActiveCfg = Debug|Any CPU
		{D382C555-7547-4CED-AC82-C76043E80126}.Development MeinVZ|Mixed Platforms.Build.0 = Debug|Any CPU
		{D382C555-7547-4CED-AC82-C76043E80126}.Development MeinVZ|x86.ActiveCfg = Debug|Any CPU
		{D382C555-7547-4CED-AC82-C76043E80126}.Exclude Non-Standard-Projects|Any CPU.ActiveCfg = Release|Any CPU
		{D382C555-7547-4CED-AC82-C76043E80126}.Exclude Non-Standard-Projects|Any CPU.Build.0 = Release|Any CPU
		{D382C555-7547-4CED-AC82-C76043E80126}.Exclude Non-Standard-Projects|Mixed Platforms.ActiveCfg = Release|Any CPU
		{D382C555-7547-4CED-AC82-C76043E80126}.Exclude Non-Standard-Projects|Mixed Platforms.Build.0 = Release|Any CPU
		{D382C555-7547-4CED-AC82-C76043E80126}.Exclude Non-Standard-Projects|x86.ActiveCfg = Release|Any CPU
		{D382C555-7547-4CED-AC82-C76043E80126}.Release|Any CPU.ActiveCfg = Release|Any CPU
		{D382C555-7547-4CED-AC82-C76043E80126}.Release|Any CPU.Build.0 = Release|Any CPU
		{D382C555-7547-4CED-AC82-C76043E80126}.Release|Mixed Platforms.ActiveCfg = Release|Any CPU
		{D382C555-7547-4CED-AC82-C76043E80126}.Release|Mixed Platforms.Build.0 = Release|Any CPU
		{D382C555-7547-4CED-AC82-C76043E80126}.Release|x86.ActiveCfg = Release|Any CPU
		{F68CEEB2-C8E7-4A7D-ABD1-F5F02B4C84DE}.Debug (Code Analysis)|Any CPU.ActiveCfg = Debug|Any CPU
		{F68CEEB2-C8E7-4A7D-ABD1-F5F02B4C84DE}.Debug (Code Analysis)|Any CPU.Build.0 = Debug|Any CPU
		{F68CEEB2-C8E7-4A7D-ABD1-F5F02B4C84DE}.Debug (Code Analysis)|Mixed Platforms.ActiveCfg = Debug|Any CPU
		{F68CEEB2-C8E7-4A7D-ABD1-F5F02B4C84DE}.Debug (Code Analysis)|Mixed Platforms.Build.0 = Debug|Any CPU
		{F68CEEB2-C8E7-4A7D-ABD1-F5F02B4C84DE}.Debug (Code Analysis)|x86.ActiveCfg = Debug|Any CPU
		{F68CEEB2-C8E7-4A7D-ABD1-F5F02B4C84DE}.Debug|Any CPU.ActiveCfg = Debug|Any CPU
		{F68CEEB2-C8E7-4A7D-ABD1-F5F02B4C84DE}.Debug|Any CPU.Build.0 = Debug|Any CPU
		{F68CEEB2-C8E7-4A7D-ABD1-F5F02B4C84DE}.Debug|Mixed Platforms.ActiveCfg = Debug|Any CPU
		{F68CEEB2-C8E7-4A7D-ABD1-F5F02B4C84DE}.Debug|Mixed Platforms.Build.0 = Debug|Any CPU
		{F68CEEB2-C8E7-4A7D-ABD1-F5F02B4C84DE}.Debug|x86.ActiveCfg = Debug|Any CPU
		{F68CEEB2-C8E7-4A7D-ABD1-F5F02B4C84DE}.Development MeinVZ|Any CPU.ActiveCfg = Debug|Any CPU
		{F68CEEB2-C8E7-4A7D-ABD1-F5F02B4C84DE}.Development MeinVZ|Any CPU.Build.0 = Debug|Any CPU
		{F68CEEB2-C8E7-4A7D-ABD1-F5F02B4C84DE}.Development MeinVZ|Mixed Platforms.ActiveCfg = Debug|Any CPU
		{F68CEEB2-C8E7-4A7D-ABD1-F5F02B4C84DE}.Development MeinVZ|Mixed Platforms.Build.0 = Debug|Any CPU
		{F68CEEB2-C8E7-4A7D-ABD1-F5F02B4C84DE}.Development MeinVZ|x86.ActiveCfg = Debug|Any CPU
		{F68CEEB2-C8E7-4A7D-ABD1-F5F02B4C84DE}.Exclude Non-Standard-Projects|Any CPU.ActiveCfg = Release|Any CPU
		{F68CEEB2-C8E7-4A7D-ABD1-F5F02B4C84DE}.Exclude Non-Standard-Projects|Any CPU.Build.0 = Release|Any CPU
		{F68CEEB2-C8E7-4A7D-ABD1-F5F02B4C84DE}.Exclude Non-Standard-Projects|Mixed Platforms.ActiveCfg = Release|Any CPU
		{F68CEEB2-C8E7-4A7D-ABD1-F5F02B4C84DE}.Exclude Non-Standard-Projects|Mixed Platforms.Build.0 = Release|Any CPU
		{F68CEEB2-C8E7-4A7D-ABD1-F5F02B4C84DE}.Exclude Non-Standard-Projects|x86.ActiveCfg = Release|Any CPU
		{F68CEEB2-C8E7-4A7D-ABD1-F5F02B4C84DE}.Release|Any CPU.ActiveCfg = Release|Any CPU
		{F68CEEB2-C8E7-4A7D-ABD1-F5F02B4C84DE}.Release|Any CPU.Build.0 = Release|Any CPU
		{F68CEEB2-C8E7-4A7D-ABD1-F5F02B4C84DE}.Release|Mixed Platforms.ActiveCfg = Release|Any CPU
		{F68CEEB2-C8E7-4A7D-ABD1-F5F02B4C84DE}.Release|Mixed Platforms.Build.0 = Release|Any CPU
		{F68CEEB2-C8E7-4A7D-ABD1-F5F02B4C84DE}.Release|x86.ActiveCfg = Release|Any CPU
		{8470FD3F-846A-4709-915A-EA6540E1EA9D}.Debug (Code Analysis)|Any CPU.ActiveCfg = Debug|x86
		{8470FD3F-846A-4709-915A-EA6540E1EA9D}.Debug (Code Analysis)|Mixed Platforms.ActiveCfg = Debug|x86
		{8470FD3F-846A-4709-915A-EA6540E1EA9D}.Debug (Code Analysis)|x86.ActiveCfg = Debug|x86
		{8470FD3F-846A-4709-915A-EA6540E1EA9D}.Debug (Code Analysis)|x86.Build.0 = Debug|x86
		{8470FD3F-846A-4709-915A-EA6540E1EA9D}.Debug|Any CPU.ActiveCfg = Debug|x86
		{8470FD3F-846A-4709-915A-EA6540E1EA9D}.Debug|Mixed Platforms.ActiveCfg = Debug|x86
		{8470FD3F-846A-4709-915A-EA6540E1EA9D}.Debug|x86.ActiveCfg = Debug|x86
		{8470FD3F-846A-4709-915A-EA6540E1EA9D}.Debug|x86.Build.0 = Debug|x86
		{8470FD3F-846A-4709-915A-EA6540E1EA9D}.Development MeinVZ|Any CPU.ActiveCfg = Debug|x86
		{8470FD3F-846A-4709-915A-EA6540E1EA9D}.Development MeinVZ|Mixed Platforms.ActiveCfg = Debug|x86
		{8470FD3F-846A-4709-915A-EA6540E1EA9D}.Development MeinVZ|Mixed Platforms.Build.0 = Debug|x86
		{8470FD3F-846A-4709-915A-EA6540E1EA9D}.Development MeinVZ|x86.ActiveCfg = Debug|x86
		{8470FD3F-846A-4709-915A-EA6540E1EA9D}.Development MeinVZ|x86.Build.0 = Debug|x86
		{8470FD3F-846A-4709-915A-EA6540E1EA9D}.Exclude Non-Standard-Projects|Any CPU.ActiveCfg = Release|x86
		{8470FD3F-846A-4709-915A-EA6540E1EA9D}.Exclude Non-Standard-Projects|Mixed Platforms.ActiveCfg = Release|x86
		{8470FD3F-846A-4709-915A-EA6540E1EA9D}.Exclude Non-Standard-Projects|Mixed Platforms.Build.0 = Release|x86
		{8470FD3F-846A-4709-915A-EA6540E1EA9D}.Exclude Non-Standard-Projects|x86.ActiveCfg = Release|x86
		{8470FD3F-846A-4709-915A-EA6540E1EA9D}.Exclude Non-Standard-Projects|x86.Build.0 = Release|x86
		{8470FD3F-846A-4709-915A-EA6540E1EA9D}.Release|Any CPU.ActiveCfg = Release|x86
		{8470FD3F-846A-4709-915A-EA6540E1EA9D}.Release|Mixed Platforms.ActiveCfg = Release|x86
		{8470FD3F-846A-4709-915A-EA6540E1EA9D}.Release|Mixed Platforms.Build.0 = Release|x86
		{8470FD3F-846A-4709-915A-EA6540E1EA9D}.Release|x86.ActiveCfg = Release|x86
		{8470FD3F-846A-4709-915A-EA6540E1EA9D}.Release|x86.Build.0 = Release|x86
		{809277C4-F27E-47B6-AC9F-E5EE54AE1399}.Debug (Code Analysis)|Any CPU.ActiveCfg = Debug (Code Analysis)|Any CPU
		{809277C4-F27E-47B6-AC9F-E5EE54AE1399}.Debug (Code Analysis)|Any CPU.Build.0 = Debug (Code Analysis)|Any CPU
		{809277C4-F27E-47B6-AC9F-E5EE54AE1399}.Debug (Code Analysis)|Mixed Platforms.ActiveCfg = Debug (Code Analysis)|Any CPU
		{809277C4-F27E-47B6-AC9F-E5EE54AE1399}.Debug (Code Analysis)|Mixed Platforms.Build.0 = Debug (Code Analysis)|Any CPU
		{809277C4-F27E-47B6-AC9F-E5EE54AE1399}.Debug (Code Analysis)|x86.ActiveCfg = Debug (Code Analysis)|Any CPU
		{809277C4-F27E-47B6-AC9F-E5EE54AE1399}.Debug|Any CPU.ActiveCfg = Debug|Any CPU
		{809277C4-F27E-47B6-AC9F-E5EE54AE1399}.Debug|Any CPU.Build.0 = Debug|Any CPU
		{809277C4-F27E-47B6-AC9F-E5EE54AE1399}.Debug|Mixed Platforms.ActiveCfg = Debug|Any CPU
		{809277C4-F27E-47B6-AC9F-E5EE54AE1399}.Debug|Mixed Platforms.Build.0 = Debug|Any CPU
		{809277C4-F27E-47B6-AC9F-E5EE54AE1399}.Debug|x86.ActiveCfg = Debug|Any CPU
		{809277C4-F27E-47B6-AC9F-E5EE54AE1399}.Development MeinVZ|Any CPU.ActiveCfg = Development MeinVZ|Any CPU
		{809277C4-F27E-47B6-AC9F-E5EE54AE1399}.Development MeinVZ|Any CPU.Build.0 = Development MeinVZ|Any CPU
		{809277C4-F27E-47B6-AC9F-E5EE54AE1399}.Development MeinVZ|Mixed Platforms.ActiveCfg = Development MeinVZ|Any CPU
		{809277C4-F27E-47B6-AC9F-E5EE54AE1399}.Development MeinVZ|Mixed Platforms.Build.0 = Development MeinVZ|Any CPU
		{809277C4-F27E-47B6-AC9F-E5EE54AE1399}.Development MeinVZ|x86.ActiveCfg = Development MeinVZ|Any CPU
		{809277C4-F27E-47B6-AC9F-E5EE54AE1399}.Exclude Non-Standard-Projects|Any CPU.ActiveCfg = Exclude Non-Standard-Projects|Any CPU
		{809277C4-F27E-47B6-AC9F-E5EE54AE1399}.Exclude Non-Standard-Projects|Any CPU.Build.0 = Exclude Non-Standard-Projects|Any CPU
		{809277C4-F27E-47B6-AC9F-E5EE54AE1399}.Exclude Non-Standard-Projects|Mixed Platforms.ActiveCfg = Exclude Non-Standard-Projects|Any CPU
		{809277C4-F27E-47B6-AC9F-E5EE54AE1399}.Exclude Non-Standard-Projects|Mixed Platforms.Build.0 = Exclude Non-Standard-Projects|Any CPU
		{809277C4-F27E-47B6-AC9F-E5EE54AE1399}.Exclude Non-Standard-Projects|x86.ActiveCfg = Exclude Non-Standard-Projects|Any CPU
		{809277C4-F27E-47B6-AC9F-E5EE54AE1399}.Release|Any CPU.ActiveCfg = Release|Any CPU
		{809277C4-F27E-47B6-AC9F-E5EE54AE1399}.Release|Any CPU.Build.0 = Release|Any CPU
		{809277C4-F27E-47B6-AC9F-E5EE54AE1399}.Release|Mixed Platforms.ActiveCfg = Release|Any CPU
		{809277C4-F27E-47B6-AC9F-E5EE54AE1399}.Release|Mixed Platforms.Build.0 = Release|Any CPU
		{809277C4-F27E-47B6-AC9F-E5EE54AE1399}.Release|x86.ActiveCfg = Release|Any CPU
		{D9563118-8480-45B0-A20C-737ABA994069}.Debug (Code Analysis)|Any CPU.ActiveCfg = Debug|Any CPU
		{D9563118-8480-45B0-A20C-737ABA994069}.Debug (Code Analysis)|Any CPU.Build.0 = Debug|Any CPU
		{D9563118-8480-45B0-A20C-737ABA994069}.Debug (Code Analysis)|Mixed Platforms.ActiveCfg = Debug|Any CPU
		{D9563118-8480-45B0-A20C-737ABA994069}.Debug (Code Analysis)|Mixed Platforms.Build.0 = Debug|Any CPU
		{D9563118-8480-45B0-A20C-737ABA994069}.Debug (Code Analysis)|x86.ActiveCfg = Debug|Any CPU
		{D9563118-8480-45B0-A20C-737ABA994069}.Debug|Any CPU.ActiveCfg = Debug|Any CPU
		{D9563118-8480-45B0-A20C-737ABA994069}.Debug|Any CPU.Build.0 = Debug|Any CPU
		{D9563118-8480-45B0-A20C-737ABA994069}.Debug|Mixed Platforms.ActiveCfg = Debug|Any CPU
		{D9563118-8480-45B0-A20C-737ABA994069}.Debug|Mixed Platforms.Build.0 = Debug|Any CPU
		{D9563118-8480-45B0-A20C-737ABA994069}.Debug|x86.ActiveCfg = Debug|Any CPU
		{D9563118-8480-45B0-A20C-737ABA994069}.Development MeinVZ|Any CPU.ActiveCfg = Debug|Any CPU
		{D9563118-8480-45B0-A20C-737ABA994069}.Development MeinVZ|Any CPU.Build.0 = Debug|Any CPU
		{D9563118-8480-45B0-A20C-737ABA994069}.Development MeinVZ|Mixed Platforms.ActiveCfg = Debug|Any CPU
		{D9563118-8480-45B0-A20C-737ABA994069}.Development MeinVZ|Mixed Platforms.Build.0 = Debug|Any CPU
		{D9563118-8480-45B0-A20C-737ABA994069}.Development MeinVZ|x86.ActiveCfg = Debug|Any CPU
		{D9563118-8480-45B0-A20C-737ABA994069}.Exclude Non-Standard-Projects|Any CPU.ActiveCfg = Release|Any CPU
		{D9563118-8480-45B0-A20C-737ABA994069}.Exclude Non-Standard-Projects|Any CPU.Build.0 = Release|Any CPU
		{D9563118-8480-45B0-A20C-737ABA994069}.Exclude Non-Standard-Projects|Mixed Platforms.ActiveCfg = Release|Any CPU
		{D9563118-8480-45B0-A20C-737ABA994069}.Exclude Non-Standard-Projects|Mixed Platforms.Build.0 = Release|Any CPU
		{D9563118-8480-45B0-A20C-737ABA994069}.Exclude Non-Standard-Projects|x86.ActiveCfg = Release|Any CPU
		{D9563118-8480-45B0-A20C-737ABA994069}.Release|Any CPU.ActiveCfg = Release|Any CPU
		{D9563118-8480-45B0-A20C-737ABA994069}.Release|Any CPU.Build.0 = Release|Any CPU
		{D9563118-8480-45B0-A20C-737ABA994069}.Release|Mixed Platforms.ActiveCfg = Release|Any CPU
		{D9563118-8480-45B0-A20C-737ABA994069}.Release|Mixed Platforms.Build.0 = Release|Any CPU
		{D9563118-8480-45B0-A20C-737ABA994069}.Release|x86.ActiveCfg = Release|Any CPU
		{B0AD009D-21C5-4BB6-A795-4DDEBC47F4D2}.Debug (Code Analysis)|Any CPU.ActiveCfg = Debug|Any CPU
		{B0AD009D-21C5-4BB6-A795-4DDEBC47F4D2}.Debug (Code Analysis)|Any CPU.Build.0 = Debug|Any CPU
		{B0AD009D-21C5-4BB6-A795-4DDEBC47F4D2}.Debug (Code Analysis)|Mixed Platforms.ActiveCfg = Debug|Any CPU
		{B0AD009D-21C5-4BB6-A795-4DDEBC47F4D2}.Debug (Code Analysis)|Mixed Platforms.Build.0 = Debug|Any CPU
		{B0AD009D-21C5-4BB6-A795-4DDEBC47F4D2}.Debug (Code Analysis)|x86.ActiveCfg = Debug|Any CPU
		{B0AD009D-21C5-4BB6-A795-4DDEBC47F4D2}.Debug|Any CPU.ActiveCfg = Debug|Any CPU
		{B0AD009D-21C5-4BB6-A795-4DDEBC47F4D2}.Debug|Any CPU.Build.0 = Debug|Any CPU
		{B0AD009D-21C5-4BB6-A795-4DDEBC47F4D2}.Debug|Mixed Platforms.ActiveCfg = Debug|Any CPU
		{B0AD009D-21C5-4BB6-A795-4DDEBC47F4D2}.Debug|Mixed Platforms.Build.0 = Debug|Any CPU
		{B0AD009D-21C5-4BB6-A795-4DDEBC47F4D2}.Debug|x86.ActiveCfg = Debug|Any CPU
		{B0AD009D-21C5-4BB6-A795-4DDEBC47F4D2}.Development MeinVZ|Any CPU.ActiveCfg = Debug|Any CPU
		{B0AD009D-21C5-4BB6-A795-4DDEBC47F4D2}.Development MeinVZ|Any CPU.Build.0 = Debug|Any CPU
		{B0AD009D-21C5-4BB6-A795-4DDEBC47F4D2}.Development MeinVZ|Mixed Platforms.ActiveCfg = Debug|Any CPU
		{B0AD009D-21C5-4BB6-A795-4DDEBC47F4D2}.Development MeinVZ|Mixed Platforms.Build.0 = Debug|Any CPU
		{B0AD009D-21C5-4BB6-A795-4DDEBC47F4D2}.Development MeinVZ|x86.ActiveCfg = Debug|Any CPU
		{B0AD009D-21C5-4BB6-A795-4DDEBC47F4D2}.Exclude Non-Standard-Projects|Any CPU.ActiveCfg = Release|Any CPU
		{B0AD009D-21C5-4BB6-A795-4DDEBC47F4D2}.Exclude Non-Standard-Projects|Any CPU.Build.0 = Release|Any CPU
		{B0AD009D-21C5-4BB6-A795-4DDEBC47F4D2}.Exclude Non-Standard-Projects|Mixed Platforms.ActiveCfg = Release|Any CPU
		{B0AD009D-21C5-4BB6-A795-4DDEBC47F4D2}.Exclude Non-Standard-Projects|Mixed Platforms.Build.0 = Release|Any CPU
		{B0AD009D-21C5-4BB6-A795-4DDEBC47F4D2}.Exclude Non-Standard-Projects|x86.ActiveCfg = Release|Any CPU
		{B0AD009D-21C5-4BB6-A795-4DDEBC47F4D2}.Release|Any CPU.ActiveCfg = Release|Any CPU
		{B0AD009D-21C5-4BB6-A795-4DDEBC47F4D2}.Release|Any CPU.Build.0 = Release|Any CPU
		{B0AD009D-21C5-4BB6-A795-4DDEBC47F4D2}.Release|Mixed Platforms.ActiveCfg = Release|Any CPU
		{B0AD009D-21C5-4BB6-A795-4DDEBC47F4D2}.Release|Mixed Platforms.Build.0 = Release|Any CPU
		{B0AD009D-21C5-4BB6-A795-4DDEBC47F4D2}.Release|x86.ActiveCfg = Release|Any CPU
	EndGlobalSection
	GlobalSection(SolutionProperties) = preSolution
		HideSolutionNode = FALSE
	EndGlobalSection
	GlobalSection(NestedProjects) = preSolution
		{4725C93E-55A0-42A5-9C61-61DC498A4308} = {6F297CC9-DA64-4469-9105-9CA63DEFB2DB}
		{CB0D9362-8813-4A6E-825F-9BF48DC527AB} = {6F297CC9-DA64-4469-9105-9CA63DEFB2DB}
		{930EBD41-0114-4B39-A89A-EBCD7C81931F} = {6F297CC9-DA64-4469-9105-9CA63DEFB2DB}
		{B0AD009D-21C5-4BB6-A795-4DDEBC47F4D2} = {6F297CC9-DA64-4469-9105-9CA63DEFB2DB}
		{F4E8E368-F3DE-4B63-AF9E-96B29FF0E5C3} = {6B789A6A-7566-4229-87C8-66C01D988C31}
		{D9563118-8480-45B0-A20C-737ABA994069} = {6B789A6A-7566-4229-87C8-66C01D988C31}
		{F0A26B2B-02CA-4095-AD20-013D0110ABB3} = {36822C45-2766-42EF-A4A7-543D24FAAD37}
		{1F1C8AFD-703C-48BD-9398-02AA97CD6432} = {36822C45-2766-42EF-A4A7-543D24FAAD37}
		{F68CEEB2-C8E7-4A7D-ABD1-F5F02B4C84DE} = {36822C45-2766-42EF-A4A7-543D24FAAD37}
		{809277C4-F27E-47B6-AC9F-E5EE54AE1399} = {36822C45-2766-42EF-A4A7-543D24FAAD37}
		{01ABE4DB-4ABE-4B0E-878B-B42A8C9B6560} = {024EBF54-994C-4E06-87F6-17D444178E99}
		{478077C0-A411-44A9-8053-E8E90BA2847B} = {A462F00C-C5D1-4784-B712-81FDA7D566D4}
		{42794DFF-7448-47AA-BBFE-E56D83B756DB} = {A462F00C-C5D1-4784-B712-81FDA7D566D4}
		{F66A835D-11C6-4EF2-A3D7-65E7B1D90915} = {A462F00C-C5D1-4784-B712-81FDA7D566D4}
		{D382C555-7547-4CED-AC82-C76043E80126} = {A462F00C-C5D1-4784-B712-81FDA7D566D4}
		{8470FD3F-846A-4709-915A-EA6540E1EA9D} = {38EFEFC5-C60D-4596-800A-4C4ABABA1EA7}
	EndGlobalSection
	GlobalSection(SpecExplorer.ActivityCompletionStatus) = preSolution
		SpecExplorer.ActivityCompletionStatus = 
	EndGlobalSection
EndGlobal
